// !$*UTF8*$!
{
	archiveVersion = 1;
	classes = {
	};
	objectVersion = 56;
	objects = {

/* Begin PBXBuildFile section */
		DB17092B2ACE214E00408A66 /* AppDelegate.swift in Sources */ = {isa = PBXBuildFile; fileRef = DB17092A2ACE214E00408A66 /* AppDelegate.swift */; };
		DB17092D2ACE214E00408A66 /* SceneDelegate.swift in Sources */ = {isa = PBXBuildFile; fileRef = DB17092C2ACE214E00408A66 /* SceneDelegate.swift */; };
		DB1709342ACE215000408A66 /* Assets.xcassets in Resources */ = {isa = PBXBuildFile; fileRef = DB1709332ACE215000408A66 /* Assets.xcassets */; };
		DB1709372ACE215000408A66 /* LaunchScreen.storyboard in Resources */ = {isa = PBXBuildFile; fileRef = DB1709352ACE215000408A66 /* LaunchScreen.storyboard */; };
		DB1709422ACE215100408A66 /* MovieDBFullProjectTests.swift in Sources */ = {isa = PBXBuildFile; fileRef = DB1709412ACE215100408A66 /* MovieDBFullProjectTests.swift */; };
		DB17094C2ACE215100408A66 /* MovieDBFullProjectUITests.swift in Sources */ = {isa = PBXBuildFile; fileRef = DB17094B2ACE215100408A66 /* MovieDBFullProjectUITests.swift */; };
		DB17094E2ACE215100408A66 /* MovieDBFullProjectUITestsLaunchTests.swift in Sources */ = {isa = PBXBuildFile; fileRef = DB17094D2ACE215100408A66 /* MovieDBFullProjectUITestsLaunchTests.swift */; };
		DB1709662ACE257C00408A66 /* BaseViewController.swift in Sources */ = {isa = PBXBuildFile; fileRef = DB1709652ACE257C00408A66 /* BaseViewController.swift */; };
		DB1709732ACE29BE00408A66 /* Constants.swift in Sources */ = {isa = PBXBuildFile; fileRef = DB1709722ACE29BE00408A66 /* Constants.swift */; };
		DB17097F2ACE32A100408A66 /* SFPRODISPLAYSEMIBOLDITALIC.OTF in Resources */ = {isa = PBXBuildFile; fileRef = DB1709762ACE32A000408A66 /* SFPRODISPLAYSEMIBOLDITALIC.OTF */; };
		DB1709802ACE32A100408A66 /* SFPRODISPLAYHEAVYITALIC.OTF in Resources */ = {isa = PBXBuildFile; fileRef = DB1709772ACE32A000408A66 /* SFPRODISPLAYHEAVYITALIC.OTF */; };
		DB1709812ACE32A100408A66 /* SFPRODISPLAYULTRALIGHTITALIC.OTF in Resources */ = {isa = PBXBuildFile; fileRef = DB1709782ACE32A000408A66 /* SFPRODISPLAYULTRALIGHTITALIC.OTF */; };
		DB1709822ACE32A100408A66 /* SFPRODISPLAYTHINITALIC.OTF in Resources */ = {isa = PBXBuildFile; fileRef = DB1709792ACE32A100408A66 /* SFPRODISPLAYTHINITALIC.OTF */; };
		DB1709832ACE32A100408A66 /* SFPRODISPLAYREGULAR.OTF in Resources */ = {isa = PBXBuildFile; fileRef = DB17097A2ACE32A100408A66 /* SFPRODISPLAYREGULAR.OTF */; };
		DB1709842ACE32A100408A66 /* SFPRODISPLAYLIGHTITALIC.OTF in Resources */ = {isa = PBXBuildFile; fileRef = DB17097B2ACE32A100408A66 /* SFPRODISPLAYLIGHTITALIC.OTF */; };
		DB1709852ACE32A100408A66 /* SFPRODISPLAYBLACKITALIC.OTF in Resources */ = {isa = PBXBuildFile; fileRef = DB17097C2ACE32A100408A66 /* SFPRODISPLAYBLACKITALIC.OTF */; };
		DB1709862ACE32A100408A66 /* SfProDisplayBold.OTF in Resources */ = {isa = PBXBuildFile; fileRef = DB17097D2ACE32A100408A66 /* SfProDisplayBold.OTF */; };
		DB1709872ACE32A100408A66 /* SFPRODISPLAYMEDIUM.OTF in Resources */ = {isa = PBXBuildFile; fileRef = DB17097E2ACE32A100408A66 /* SFPRODISPLAYMEDIUM.OTF */; };
		DB17098B2ACE35A500408A66 /* UIFont+NewFonts.swift in Sources */ = {isa = PBXBuildFile; fileRef = DB17098A2ACE35A500408A66 /* UIFont+NewFonts.swift */; };
		DB17098E2ACE373000408A66 /* UIColor+HexColor.swift in Sources */ = {isa = PBXBuildFile; fileRef = DB17098D2ACE373000408A66 /* UIColor+HexColor.swift */; };
		DB1709902ACE375300408A66 /* UIColor+NewColors.swift in Sources */ = {isa = PBXBuildFile; fileRef = DB17098F2ACE375300408A66 /* UIColor+NewColors.swift */; };
		DB1CF22C2ADE0CBC00175181 /* SignUpFirebaseService.swift in Sources */ = {isa = PBXBuildFile; fileRef = DB1CF22B2ADE0CBC00175181 /* SignUpFirebaseService.swift */; };
		DB35257E2B8FA60C0031DD2F /* SignInEntity.swift in Sources */ = {isa = PBXBuildFile; fileRef = DB35257D2B8FA60C0031DD2F /* SignInEntity.swift */; };
		DB37DBCD2ADDE95600269869 /* GoogleService-Info.plist in Resources */ = {isa = PBXBuildFile; fileRef = DB37DBCC2ADDE95600269869 /* GoogleService-Info.plist */; };
		DB55ECDB2ADDFA4900B4DDF8 /* SignUpEntity.swift in Sources */ = {isa = PBXBuildFile; fileRef = DB55ECDA2ADDFA4900B4DDF8 /* SignUpEntity.swift */; };
		DBA587E62CB709A900BE4220 /* MVDBUINavigationBar.swift in Sources */ = {isa = PBXBuildFile; fileRef = DBA587D92CB709A800BE4220 /* MVDBUINavigationBar.swift */; };
		DBA587E72CB709A900BE4220 /* MVDBUINavigationController.swift in Sources */ = {isa = PBXBuildFile; fileRef = DBA587DA2CB709A800BE4220 /* MVDBUINavigationController.swift */; };
		DBA587E82CB709A900BE4220 /* MVDBUIProgressView.swift in Sources */ = {isa = PBXBuildFile; fileRef = DBA587DC2CB709A800BE4220 /* MVDBUIProgressView.swift */; };
		DBA587E92CB709A900BE4220 /* MVDBUIAlertController.swift in Sources */ = {isa = PBXBuildFile; fileRef = DBA587DE2CB709A800BE4220 /* MVDBUIAlertController.swift */; };
		DBA587EA2CB709A900BE4220 /* MVDBUILabel.swift in Sources */ = {isa = PBXBuildFile; fileRef = DBA587E02CB709A800BE4220 /* MVDBUILabel.swift */; };
		DBA587EB2CB709A900BE4220 /* MVDBTextField.swift in Sources */ = {isa = PBXBuildFile; fileRef = DBA587E22CB709A900BE4220 /* MVDBTextField.swift */; };
		DBA587EC2CB709A900BE4220 /* MVDBUIButton.swift in Sources */ = {isa = PBXBuildFile; fileRef = DBA587E42CB709A900BE4220 /* MVDBUIButton.swift */; };
		DBB6344A2C9DF8E200E579F7 /* MVDBLobbyUIView.swift in Sources */ = {isa = PBXBuildFile; fileRef = DBB634492C9DF8E200E579F7 /* MVDBLobbyUIView.swift */; };
		DBB6344C2CA1D2F900E579F7 /* MVDBSignUpNameViewController.swift in Sources */ = {isa = PBXBuildFile; fileRef = DBB6344B2CA1D2F900E579F7 /* MVDBSignUpNameViewController.swift */; };
		DBB6344E2CA1D31700E579F7 /* MVDBSignUpNameInteractor.swift in Sources */ = {isa = PBXBuildFile; fileRef = DBB6344D2CA1D31700E579F7 /* MVDBSignUpNameInteractor.swift */; };
		DBB634502CA1D32000E579F7 /* MVDBSignUpNamePresenter.swift in Sources */ = {isa = PBXBuildFile; fileRef = DBB6344F2CA1D32000E579F7 /* MVDBSignUpNamePresenter.swift */; };
		DBB634522CA1D32700E579F7 /* MVDBSignUpEntity.swift in Sources */ = {isa = PBXBuildFile; fileRef = DBB634512CA1D32700E579F7 /* MVDBSignUpEntity.swift */; };
		DBB634542CA1D32F00E579F7 /* MVDBSignUpNameRouter.swift in Sources */ = {isa = PBXBuildFile; fileRef = DBB634532CA1D32F00E579F7 /* MVDBSignUpNameRouter.swift */; };
		DBB634562CA1D33800E579F7 /* MVDBSignUpProtocols.swift in Sources */ = {isa = PBXBuildFile; fileRef = DBB634552CA1D33800E579F7 /* MVDBSignUpProtocols.swift */; };
		DBB634582CA1D8D100E579F7 /* MVDBSignUpUIView.swift in Sources */ = {isa = PBXBuildFile; fileRef = DBB634572CA1D8D100E579F7 /* MVDBSignUpUIView.swift */; };
		DBB6345A2CA1F80A00E579F7 /* UINavController+Custom.swift in Sources */ = {isa = PBXBuildFile; fileRef = DBB634592CA1F80A00E579F7 /* UINavController+Custom.swift */; };
		DBB634822CA23CBD00E579F7 /* UIProgressView+CornerRadius.swift in Sources */ = {isa = PBXBuildFile; fileRef = DBB634812CA23CBC00E579F7 /* UIProgressView+CornerRadius.swift */; };
		DBC5FD9C2ADDF2FE00A103A9 /* Fonts+Custom.swift in Sources */ = {isa = PBXBuildFile; fileRef = DBC5FD9B2ADDF2FE00A103A9 /* Fonts+Custom.swift */; };
		DBCF91AB2CA46CAB00A0DD02 /* MVDBHelpViewController.swift in Sources */ = {isa = PBXBuildFile; fileRef = DBCF91AA2CA46CAB00A0DD02 /* MVDBHelpViewController.swift */; };
		DBCF91AD2CA46CBC00A0DD02 /* MVDBHelpInteractor.swift in Sources */ = {isa = PBXBuildFile; fileRef = DBCF91AC2CA46CBC00A0DD02 /* MVDBHelpInteractor.swift */; };
		DBCF91AF2CA46CC600A0DD02 /* MVDBHelpPresenter.swift in Sources */ = {isa = PBXBuildFile; fileRef = DBCF91AE2CA46CC600A0DD02 /* MVDBHelpPresenter.swift */; };
		DBCF91B12CA46CCF00A0DD02 /* MVDBHelpEntity.swift in Sources */ = {isa = PBXBuildFile; fileRef = DBCF91B02CA46CCF00A0DD02 /* MVDBHelpEntity.swift */; };
		DBCF91B32CA46CD500A0DD02 /* MVDBHelpRouter.swift in Sources */ = {isa = PBXBuildFile; fileRef = DBCF91B22CA46CD500A0DD02 /* MVDBHelpRouter.swift */; };
		DBCF91B52CA46CDF00A0DD02 /* MVDBHelpProtocols.swift in Sources */ = {isa = PBXBuildFile; fileRef = DBCF91B42CA46CDF00A0DD02 /* MVDBHelpProtocols.swift */; };
		DBCF91B82CA46D1800A0DD02 /* MVDBHelpUIView.swift in Sources */ = {isa = PBXBuildFile; fileRef = DBCF91B72CA46D1800A0DD02 /* MVDBHelpUIView.swift */; };
		DBE9BF662C9DD4660062290A /* MVDBLobbyViewController.swift in Sources */ = {isa = PBXBuildFile; fileRef = DBE9BF652C9DD4660062290A /* MVDBLobbyViewController.swift */; };
		DBE9BF682C9DD47A0062290A /* MVDBLobbyInteractor.swift in Sources */ = {isa = PBXBuildFile; fileRef = DBE9BF672C9DD47A0062290A /* MVDBLobbyInteractor.swift */; };
		DBE9BF6A2C9DD4830062290A /* MVDBLobbyPresenter.swift in Sources */ = {isa = PBXBuildFile; fileRef = DBE9BF692C9DD4830062290A /* MVDBLobbyPresenter.swift */; };
		DBE9BF6C2C9DD48A0062290A /* MVDBLobbyEntity.swift in Sources */ = {isa = PBXBuildFile; fileRef = DBE9BF6B2C9DD48A0062290A /* MVDBLobbyEntity.swift */; };
		DBE9BF6E2C9DD4940062290A /* MVDBLobbyRouter.swift in Sources */ = {isa = PBXBuildFile; fileRef = DBE9BF6D2C9DD4940062290A /* MVDBLobbyRouter.swift */; };
		DBE9BF702C9DD49E0062290A /* MVDBLobbyProtocols.swift in Sources */ = {isa = PBXBuildFile; fileRef = DBE9BF6F2C9DD49E0062290A /* MVDBLobbyProtocols.swift */; };
/* End PBXBuildFile section */

/* Begin PBXContainerItemProxy section */
		DB17093E2ACE215100408A66 /* PBXContainerItemProxy */ = {
			isa = PBXContainerItemProxy;
			containerPortal = DB17091F2ACE214E00408A66 /* Project object */;
			proxyType = 1;
			remoteGlobalIDString = DB1709262ACE214E00408A66;
			remoteInfo = MovieDBFullProject;
		};
		DB1709482ACE215100408A66 /* PBXContainerItemProxy */ = {
			isa = PBXContainerItemProxy;
			containerPortal = DB17091F2ACE214E00408A66 /* Project object */;
			proxyType = 1;
			remoteGlobalIDString = DB1709262ACE214E00408A66;
			remoteInfo = MovieDBFullProject;
		};
/* End PBXContainerItemProxy section */

/* Begin PBXFileReference section */
		DB1709272ACE214E00408A66 /* MovieDBFullProject.app */ = {isa = PBXFileReference; explicitFileType = wrapper.application; includeInIndex = 0; path = MovieDBFullProject.app; sourceTree = BUILT_PRODUCTS_DIR; };
		DB17092A2ACE214E00408A66 /* AppDelegate.swift */ = {isa = PBXFileReference; lastKnownFileType = sourcecode.swift; path = AppDelegate.swift; sourceTree = "<group>"; };
		DB17092C2ACE214E00408A66 /* SceneDelegate.swift */ = {isa = PBXFileReference; lastKnownFileType = sourcecode.swift; path = SceneDelegate.swift; sourceTree = "<group>"; };
		DB1709332ACE215000408A66 /* Assets.xcassets */ = {isa = PBXFileReference; lastKnownFileType = folder.assetcatalog; path = Assets.xcassets; sourceTree = "<group>"; };
		DB1709362ACE215000408A66 /* Base */ = {isa = PBXFileReference; lastKnownFileType = file.storyboard; name = Base; path = Base.lproj/LaunchScreen.storyboard; sourceTree = "<group>"; };
		DB1709382ACE215000408A66 /* Info.plist */ = {isa = PBXFileReference; lastKnownFileType = text.plist.xml; path = Info.plist; sourceTree = "<group>"; };
		DB17093D2ACE215100408A66 /* MovieDBFullProjectTests.xctest */ = {isa = PBXFileReference; explicitFileType = wrapper.cfbundle; includeInIndex = 0; path = MovieDBFullProjectTests.xctest; sourceTree = BUILT_PRODUCTS_DIR; };
		DB1709412ACE215100408A66 /* MovieDBFullProjectTests.swift */ = {isa = PBXFileReference; lastKnownFileType = sourcecode.swift; path = MovieDBFullProjectTests.swift; sourceTree = "<group>"; };
		DB1709472ACE215100408A66 /* MovieDBFullProjectUITests.xctest */ = {isa = PBXFileReference; explicitFileType = wrapper.cfbundle; includeInIndex = 0; path = MovieDBFullProjectUITests.xctest; sourceTree = BUILT_PRODUCTS_DIR; };
		DB17094B2ACE215100408A66 /* MovieDBFullProjectUITests.swift */ = {isa = PBXFileReference; lastKnownFileType = sourcecode.swift; path = MovieDBFullProjectUITests.swift; sourceTree = "<group>"; };
		DB17094D2ACE215100408A66 /* MovieDBFullProjectUITestsLaunchTests.swift */ = {isa = PBXFileReference; lastKnownFileType = sourcecode.swift; path = MovieDBFullProjectUITestsLaunchTests.swift; sourceTree = "<group>"; };
		DB1709652ACE257C00408A66 /* BaseViewController.swift */ = {isa = PBXFileReference; lastKnownFileType = sourcecode.swift; path = BaseViewController.swift; sourceTree = "<group>"; };
		DB1709722ACE29BE00408A66 /* Constants.swift */ = {isa = PBXFileReference; lastKnownFileType = sourcecode.swift; path = Constants.swift; sourceTree = "<group>"; };
		DB1709762ACE32A000408A66 /* SFPRODISPLAYSEMIBOLDITALIC.OTF */ = {isa = PBXFileReference; lastKnownFileType = file; path = SFPRODISPLAYSEMIBOLDITALIC.OTF; sourceTree = "<group>"; };
		DB1709772ACE32A000408A66 /* SFPRODISPLAYHEAVYITALIC.OTF */ = {isa = PBXFileReference; lastKnownFileType = file; path = SFPRODISPLAYHEAVYITALIC.OTF; sourceTree = "<group>"; };
		DB1709782ACE32A000408A66 /* SFPRODISPLAYULTRALIGHTITALIC.OTF */ = {isa = PBXFileReference; lastKnownFileType = file; path = SFPRODISPLAYULTRALIGHTITALIC.OTF; sourceTree = "<group>"; };
		DB1709792ACE32A100408A66 /* SFPRODISPLAYTHINITALIC.OTF */ = {isa = PBXFileReference; lastKnownFileType = file; path = SFPRODISPLAYTHINITALIC.OTF; sourceTree = "<group>"; };
		DB17097A2ACE32A100408A66 /* SFPRODISPLAYREGULAR.OTF */ = {isa = PBXFileReference; lastKnownFileType = file; path = SFPRODISPLAYREGULAR.OTF; sourceTree = "<group>"; };
		DB17097B2ACE32A100408A66 /* SFPRODISPLAYLIGHTITALIC.OTF */ = {isa = PBXFileReference; lastKnownFileType = file; path = SFPRODISPLAYLIGHTITALIC.OTF; sourceTree = "<group>"; };
		DB17097C2ACE32A100408A66 /* SFPRODISPLAYBLACKITALIC.OTF */ = {isa = PBXFileReference; lastKnownFileType = file; path = SFPRODISPLAYBLACKITALIC.OTF; sourceTree = "<group>"; };
		DB17097D2ACE32A100408A66 /* SfProDisplayBold.OTF */ = {isa = PBXFileReference; lastKnownFileType = file; path = SfProDisplayBold.OTF; sourceTree = "<group>"; };
		DB17097E2ACE32A100408A66 /* SFPRODISPLAYMEDIUM.OTF */ = {isa = PBXFileReference; lastKnownFileType = file; path = SFPRODISPLAYMEDIUM.OTF; sourceTree = "<group>"; };
		DB17098A2ACE35A500408A66 /* UIFont+NewFonts.swift */ = {isa = PBXFileReference; lastKnownFileType = sourcecode.swift; path = "UIFont+NewFonts.swift"; sourceTree = "<group>"; };
		DB17098D2ACE373000408A66 /* UIColor+HexColor.swift */ = {isa = PBXFileReference; lastKnownFileType = sourcecode.swift; path = "UIColor+HexColor.swift"; sourceTree = "<group>"; };
		DB17098F2ACE375300408A66 /* UIColor+NewColors.swift */ = {isa = PBXFileReference; lastKnownFileType = sourcecode.swift; path = "UIColor+NewColors.swift"; sourceTree = "<group>"; };
		DB1CF22B2ADE0CBC00175181 /* SignUpFirebaseService.swift */ = {isa = PBXFileReference; lastKnownFileType = sourcecode.swift; path = SignUpFirebaseService.swift; sourceTree = "<group>"; };
		DB35257D2B8FA60C0031DD2F /* SignInEntity.swift */ = {isa = PBXFileReference; lastKnownFileType = sourcecode.swift; path = SignInEntity.swift; sourceTree = "<group>"; };
		DB37DBCC2ADDE95600269869 /* GoogleService-Info.plist */ = {isa = PBXFileReference; fileEncoding = 4; lastKnownFileType = text.plist.xml; path = "GoogleService-Info.plist"; sourceTree = "<group>"; };
		DB55ECDA2ADDFA4900B4DDF8 /* SignUpEntity.swift */ = {isa = PBXFileReference; lastKnownFileType = sourcecode.swift; path = SignUpEntity.swift; sourceTree = "<group>"; };
		DBA587D92CB709A800BE4220 /* MVDBUINavigationBar.swift */ = {isa = PBXFileReference; fileEncoding = 4; lastKnownFileType = sourcecode.swift; path = MVDBUINavigationBar.swift; sourceTree = "<group>"; };
		DBA587DA2CB709A800BE4220 /* MVDBUINavigationController.swift */ = {isa = PBXFileReference; fileEncoding = 4; lastKnownFileType = sourcecode.swift; path = MVDBUINavigationController.swift; sourceTree = "<group>"; };
		DBA587DC2CB709A800BE4220 /* MVDBUIProgressView.swift */ = {isa = PBXFileReference; fileEncoding = 4; lastKnownFileType = sourcecode.swift; path = MVDBUIProgressView.swift; sourceTree = "<group>"; };
		DBA587DE2CB709A800BE4220 /* MVDBUIAlertController.swift */ = {isa = PBXFileReference; fileEncoding = 4; lastKnownFileType = sourcecode.swift; path = MVDBUIAlertController.swift; sourceTree = "<group>"; };
		DBA587E02CB709A800BE4220 /* MVDBUILabel.swift */ = {isa = PBXFileReference; fileEncoding = 4; lastKnownFileType = sourcecode.swift; path = MVDBUILabel.swift; sourceTree = "<group>"; };
		DBA587E22CB709A900BE4220 /* MVDBTextField.swift */ = {isa = PBXFileReference; fileEncoding = 4; lastKnownFileType = sourcecode.swift; path = MVDBTextField.swift; sourceTree = "<group>"; };
		DBA587E42CB709A900BE4220 /* MVDBUIButton.swift */ = {isa = PBXFileReference; fileEncoding = 4; lastKnownFileType = sourcecode.swift; path = MVDBUIButton.swift; sourceTree = "<group>"; };
		DBB634492C9DF8E200E579F7 /* MVDBLobbyUIView.swift */ = {isa = PBXFileReference; lastKnownFileType = sourcecode.swift; path = MVDBLobbyUIView.swift; sourceTree = "<group>"; };
		DBB6344B2CA1D2F900E579F7 /* MVDBSignUpNameViewController.swift */ = {isa = PBXFileReference; lastKnownFileType = sourcecode.swift; path = MVDBSignUpNameViewController.swift; sourceTree = "<group>"; };
		DBB6344D2CA1D31700E579F7 /* MVDBSignUpNameInteractor.swift */ = {isa = PBXFileReference; lastKnownFileType = sourcecode.swift; path = MVDBSignUpNameInteractor.swift; sourceTree = "<group>"; };
		DBB6344F2CA1D32000E579F7 /* MVDBSignUpNamePresenter.swift */ = {isa = PBXFileReference; lastKnownFileType = sourcecode.swift; path = MVDBSignUpNamePresenter.swift; sourceTree = "<group>"; };
		DBB634512CA1D32700E579F7 /* MVDBSignUpEntity.swift */ = {isa = PBXFileReference; lastKnownFileType = sourcecode.swift; path = MVDBSignUpEntity.swift; sourceTree = "<group>"; };
		DBB634532CA1D32F00E579F7 /* MVDBSignUpNameRouter.swift */ = {isa = PBXFileReference; lastKnownFileType = sourcecode.swift; path = MVDBSignUpNameRouter.swift; sourceTree = "<group>"; };
		DBB634552CA1D33800E579F7 /* MVDBSignUpProtocols.swift */ = {isa = PBXFileReference; lastKnownFileType = sourcecode.swift; path = MVDBSignUpProtocols.swift; sourceTree = "<group>"; };
		DBB634572CA1D8D100E579F7 /* MVDBSignUpUIView.swift */ = {isa = PBXFileReference; lastKnownFileType = sourcecode.swift; path = MVDBSignUpUIView.swift; sourceTree = "<group>"; };
		DBB634592CA1F80A00E579F7 /* UINavController+Custom.swift */ = {isa = PBXFileReference; lastKnownFileType = sourcecode.swift; path = "UINavController+Custom.swift"; sourceTree = "<group>"; };
		DBB634812CA23CBC00E579F7 /* UIProgressView+CornerRadius.swift */ = {isa = PBXFileReference; lastKnownFileType = sourcecode.swift; path = "UIProgressView+CornerRadius.swift"; sourceTree = "<group>"; };
		DBC5FD9B2ADDF2FE00A103A9 /* Fonts+Custom.swift */ = {isa = PBXFileReference; lastKnownFileType = sourcecode.swift; path = "Fonts+Custom.swift"; sourceTree = "<group>"; };
		DBCF91AA2CA46CAB00A0DD02 /* MVDBHelpViewController.swift */ = {isa = PBXFileReference; lastKnownFileType = sourcecode.swift; path = MVDBHelpViewController.swift; sourceTree = "<group>"; };
		DBCF91AC2CA46CBC00A0DD02 /* MVDBHelpInteractor.swift */ = {isa = PBXFileReference; lastKnownFileType = sourcecode.swift; path = MVDBHelpInteractor.swift; sourceTree = "<group>"; };
		DBCF91AE2CA46CC600A0DD02 /* MVDBHelpPresenter.swift */ = {isa = PBXFileReference; lastKnownFileType = sourcecode.swift; path = MVDBHelpPresenter.swift; sourceTree = "<group>"; };
		DBCF91B02CA46CCF00A0DD02 /* MVDBHelpEntity.swift */ = {isa = PBXFileReference; lastKnownFileType = sourcecode.swift; path = MVDBHelpEntity.swift; sourceTree = "<group>"; };
		DBCF91B22CA46CD500A0DD02 /* MVDBHelpRouter.swift */ = {isa = PBXFileReference; lastKnownFileType = sourcecode.swift; path = MVDBHelpRouter.swift; sourceTree = "<group>"; };
		DBCF91B42CA46CDF00A0DD02 /* MVDBHelpProtocols.swift */ = {isa = PBXFileReference; lastKnownFileType = sourcecode.swift; path = MVDBHelpProtocols.swift; sourceTree = "<group>"; };
		DBCF91B72CA46D1800A0DD02 /* MVDBHelpUIView.swift */ = {isa = PBXFileReference; lastKnownFileType = sourcecode.swift; path = MVDBHelpUIView.swift; sourceTree = "<group>"; };
		DBE9BF652C9DD4660062290A /* MVDBLobbyViewController.swift */ = {isa = PBXFileReference; lastKnownFileType = sourcecode.swift; path = MVDBLobbyViewController.swift; sourceTree = "<group>"; };
		DBE9BF672C9DD47A0062290A /* MVDBLobbyInteractor.swift */ = {isa = PBXFileReference; lastKnownFileType = sourcecode.swift; path = MVDBLobbyInteractor.swift; sourceTree = "<group>"; };
		DBE9BF692C9DD4830062290A /* MVDBLobbyPresenter.swift */ = {isa = PBXFileReference; lastKnownFileType = sourcecode.swift; path = MVDBLobbyPresenter.swift; sourceTree = "<group>"; };
		DBE9BF6B2C9DD48A0062290A /* MVDBLobbyEntity.swift */ = {isa = PBXFileReference; lastKnownFileType = sourcecode.swift; path = MVDBLobbyEntity.swift; sourceTree = "<group>"; };
		DBE9BF6D2C9DD4940062290A /* MVDBLobbyRouter.swift */ = {isa = PBXFileReference; lastKnownFileType = sourcecode.swift; path = MVDBLobbyRouter.swift; sourceTree = "<group>"; };
		DBE9BF6F2C9DD49E0062290A /* MVDBLobbyProtocols.swift */ = {isa = PBXFileReference; lastKnownFileType = sourcecode.swift; path = MVDBLobbyProtocols.swift; sourceTree = "<group>"; };
/* End PBXFileReference section */

/* Begin PBXFrameworksBuildPhase section */
		DB1709242ACE214E00408A66 /* Frameworks */ = {
			isa = PBXFrameworksBuildPhase;
			buildActionMask = 2147483647;
			files = (
			);
			runOnlyForDeploymentPostprocessing = 0;
		};
		DB17093A2ACE215100408A66 /* Frameworks */ = {
			isa = PBXFrameworksBuildPhase;
			buildActionMask = 2147483647;
			files = (
			);
			runOnlyForDeploymentPostprocessing = 0;
		};
		DB1709442ACE215100408A66 /* Frameworks */ = {
			isa = PBXFrameworksBuildPhase;
			buildActionMask = 2147483647;
			files = (
			);
			runOnlyForDeploymentPostprocessing = 0;
		};
/* End PBXFrameworksBuildPhase section */

/* Begin PBXGroup section */
		DB17091E2ACE214E00408A66 = {
			isa = PBXGroup;
			children = (
				DB1709292ACE214E00408A66 /* MovieDBFullProject */,
				DB1709402ACE215100408A66 /* MovieDBFullProjectTests */,
				DB17094A2ACE215100408A66 /* MovieDBFullProjectUITests */,
				DB1709282ACE214E00408A66 /* Products */,
			);
			sourceTree = "<group>";
		};
		DB1709282ACE214E00408A66 /* Products */ = {
			isa = PBXGroup;
			children = (
				DB1709272ACE214E00408A66 /* MovieDBFullProject.app */,
				DB17093D2ACE215100408A66 /* MovieDBFullProjectTests.xctest */,
				DB1709472ACE215100408A66 /* MovieDBFullProjectUITests.xctest */,
			);
			name = Products;
			sourceTree = "<group>";
		};
		DB1709292ACE214E00408A66 /* MovieDBFullProject */ = {
			isa = PBXGroup;
			children = (
				DB1709622ACE251300408A66 /* UIComponents */,
				DB17095F2ACE249200408A66 /* Services */,
				DB17095E2ACE248D00408A66 /* Common */,
				DB17095D2ACE248600408A66 /* Extensions */,
				DB17095C2ACE248000408A66 /* Modules */,
				DB17095A2ACE246500408A66 /* Application */,
				DB17095B2ACE247600408A66 /* Resources */,
				DB1709382ACE215000408A66 /* Info.plist */,
				DB37DBCC2ADDE95600269869 /* GoogleService-Info.plist */,
			);
			path = MovieDBFullProject;
			sourceTree = "<group>";
		};
		DB1709402ACE215100408A66 /* MovieDBFullProjectTests */ = {
			isa = PBXGroup;
			children = (
				DB1709412ACE215100408A66 /* MovieDBFullProjectTests.swift */,
			);
			path = MovieDBFullProjectTests;
			sourceTree = "<group>";
		};
		DB17094A2ACE215100408A66 /* MovieDBFullProjectUITests */ = {
			isa = PBXGroup;
			children = (
				DB17094B2ACE215100408A66 /* MovieDBFullProjectUITests.swift */,
				DB17094D2ACE215100408A66 /* MovieDBFullProjectUITestsLaunchTests.swift */,
			);
			path = MovieDBFullProjectUITests;
			sourceTree = "<group>";
		};
		DB17095A2ACE246500408A66 /* Application */ = {
			isa = PBXGroup;
			children = (
				DB17092A2ACE214E00408A66 /* AppDelegate.swift */,
				DB17092C2ACE214E00408A66 /* SceneDelegate.swift */,
				DB1709352ACE215000408A66 /* LaunchScreen.storyboard */,
			);
			path = Application;
			sourceTree = "<group>";
		};
		DB17095B2ACE247600408A66 /* Resources */ = {
			isa = PBXGroup;
			children = (
				DB17098C2ACE36AF00408A66 /* Colors */,
				DB1709742ACE31A000408A66 /* Fonts */,
				DB1709332ACE215000408A66 /* Assets.xcassets */,
			);
			path = Resources;
			sourceTree = "<group>";
		};
		DB17095C2ACE248000408A66 /* Modules */ = {
			isa = PBXGroup;
			children = (
				DBCF91A92CA46B8100A0DD02 /* Help */,
				DBE9BF642C9DD4460062290A /* Lobby */,
				DB35257C2B8FA5FA0031DD2F /* SignIn */,
				DBB019882AD9C32D00AF1CC6 /* SignUp */,
			);
			path = Modules;
			sourceTree = "<group>";
		};
		DB17095D2ACE248600408A66 /* Extensions */ = {
			isa = PBXGroup;
			children = (
				DB17098A2ACE35A500408A66 /* UIFont+NewFonts.swift */,
				DB17098D2ACE373000408A66 /* UIColor+HexColor.swift */,
				DBB634592CA1F80A00E579F7 /* UINavController+Custom.swift */,
				DBB634812CA23CBC00E579F7 /* UIProgressView+CornerRadius.swift */,
			);
			path = Extensions;
			sourceTree = "<group>";
		};
		DB17095E2ACE248D00408A66 /* Common */ = {
			isa = PBXGroup;
			children = (
				DB1709722ACE29BE00408A66 /* Constants.swift */,
			);
			path = Common;
			sourceTree = "<group>";
		};
		DB17095F2ACE249200408A66 /* Services */ = {
			isa = PBXGroup;
			children = (
				DB1CF22A2ADE0C9C00175181 /* LoginFirebaseService */,
			);
			path = Services;
			sourceTree = "<group>";
		};
		DB1709622ACE251300408A66 /* UIComponents */ = {
			isa = PBXGroup;
			children = (
				DBA587DF2CB709A800BE4220 /* UIAlertController */,
				DBA587E52CB709A900BE4220 /* UIButtons */,
				DBA587E12CB709A800BE4220 /* UILabels */,
				DBA587DB2CB709A800BE4220 /* UINavController */,
				DBA587DD2CB709A800BE4220 /* UIProgressView */,
				DBA587E32CB709A900BE4220 /* UITextFields */,
				DBB0198A2AD9C39500AF1CC6 /* UIViewControllers */,
			);
			path = UIComponents;
			sourceTree = "<group>";
		};
		DB1709742ACE31A000408A66 /* Fonts */ = {
			isa = PBXGroup;
			children = (
				DB1709752ACE31A900408A66 /* SFProDisplay */,
				DBC5FD9B2ADDF2FE00A103A9 /* Fonts+Custom.swift */,
			);
			path = Fonts;
			sourceTree = "<group>";
		};
		DB1709752ACE31A900408A66 /* SFProDisplay */ = {
			isa = PBXGroup;
			children = (
				DB17097C2ACE32A100408A66 /* SFPRODISPLAYBLACKITALIC.OTF */,
				DB17097D2ACE32A100408A66 /* SfProDisplayBold.OTF */,
				DB1709772ACE32A000408A66 /* SFPRODISPLAYHEAVYITALIC.OTF */,
				DB17097B2ACE32A100408A66 /* SFPRODISPLAYLIGHTITALIC.OTF */,
				DB17097E2ACE32A100408A66 /* SFPRODISPLAYMEDIUM.OTF */,
				DB17097A2ACE32A100408A66 /* SFPRODISPLAYREGULAR.OTF */,
				DB1709762ACE32A000408A66 /* SFPRODISPLAYSEMIBOLDITALIC.OTF */,
				DB1709792ACE32A100408A66 /* SFPRODISPLAYTHINITALIC.OTF */,
				DB1709782ACE32A000408A66 /* SFPRODISPLAYULTRALIGHTITALIC.OTF */,
			);
			path = SFProDisplay;
			sourceTree = "<group>";
		};
		DB17098C2ACE36AF00408A66 /* Colors */ = {
			isa = PBXGroup;
			children = (
				DB17098F2ACE375300408A66 /* UIColor+NewColors.swift */,
			);
			path = Colors;
			sourceTree = "<group>";
		};
		DB1CF22A2ADE0C9C00175181 /* LoginFirebaseService */ = {
			isa = PBXGroup;
			children = (
				DB1CF22B2ADE0CBC00175181 /* SignUpFirebaseService.swift */,
			);
			path = LoginFirebaseService;
			sourceTree = "<group>";
		};
		DB35257C2B8FA5FA0031DD2F /* SignIn */ = {
			isa = PBXGroup;
			children = (
				DB35257D2B8FA60C0031DD2F /* SignInEntity.swift */,
			);
			path = SignIn;
			sourceTree = "<group>";
		};
		DB35257F2B8FB5860031DD2F /* Multi-Step */ = {
			isa = PBXGroup;
			children = (
				DB3525862B8FB5DD0031DD2F /* Views */,
			);
			path = "Multi-Step";
			sourceTree = "<group>";
		};
		DB3525862B8FB5DD0031DD2F /* Views */ = {
			isa = PBXGroup;
			children = (
				DBB634572CA1D8D100E579F7 /* MVDBSignUpUIView.swift */,
			);
			path = Views;
			sourceTree = "<group>";
		};
		DBA587DB2CB709A800BE4220 /* UINavController */ = {
			isa = PBXGroup;
			children = (
				DBA587D92CB709A800BE4220 /* MVDBUINavigationBar.swift */,
				DBA587DA2CB709A800BE4220 /* MVDBUINavigationController.swift */,
			);
			path = UINavController;
			sourceTree = "<group>";
		};
		DBA587DD2CB709A800BE4220 /* UIProgressView */ = {
			isa = PBXGroup;
			children = (
				DBA587DC2CB709A800BE4220 /* MVDBUIProgressView.swift */,
			);
			path = UIProgressView;
			sourceTree = "<group>";
		};
		DBA587DF2CB709A800BE4220 /* UIAlertController */ = {
			isa = PBXGroup;
			children = (
				DBA587DE2CB709A800BE4220 /* MVDBUIAlertController.swift */,
			);
			path = UIAlertController;
			sourceTree = "<group>";
		};
		DBA587E12CB709A800BE4220 /* UILabels */ = {
			isa = PBXGroup;
			children = (
				DBA587E02CB709A800BE4220 /* MVDBUILabel.swift */,
			);
			path = UILabels;
			sourceTree = "<group>";
		};
		DBA587E32CB709A900BE4220 /* UITextFields */ = {
			isa = PBXGroup;
			children = (
				DBA587E22CB709A900BE4220 /* MVDBTextField.swift */,
			);
			path = UITextFields;
			sourceTree = "<group>";
		};
		DBA587E52CB709A900BE4220 /* UIButtons */ = {
			isa = PBXGroup;
			children = (
				DBA587E42CB709A900BE4220 /* MVDBUIButton.swift */,
			);
			path = UIButtons;
			sourceTree = "<group>";
		};
		DBB019882AD9C32D00AF1CC6 /* SignUp */ = {
			isa = PBXGroup;
			children = (
				DB35257F2B8FB5860031DD2F /* Multi-Step */,
				DB55ECDA2ADDFA4900B4DDF8 /* SignUpEntity.swift */,
				DBB6344B2CA1D2F900E579F7 /* MVDBSignUpNameViewController.swift */,
				DBB6344D2CA1D31700E579F7 /* MVDBSignUpNameInteractor.swift */,
				DBB6344F2CA1D32000E579F7 /* MVDBSignUpNamePresenter.swift */,
				DBB634512CA1D32700E579F7 /* MVDBSignUpEntity.swift */,
				DBB634532CA1D32F00E579F7 /* MVDBSignUpNameRouter.swift */,
				DBB634552CA1D33800E579F7 /* MVDBSignUpProtocols.swift */,
			);
			path = SignUp;
			sourceTree = "<group>";
		};
		DBB0198A2AD9C39500AF1CC6 /* UIViewControllers */ = {
			isa = PBXGroup;
			children = (
				DB1709652ACE257C00408A66 /* BaseViewController.swift */,
			);
			path = UIViewControllers;
			sourceTree = "<group>";
		};
		DBB634482C9DF8C200E579F7 /* Views */ = {
			isa = PBXGroup;
			children = (
				DBB634492C9DF8E200E579F7 /* MVDBLobbyUIView.swift */,
			);
			path = Views;
			sourceTree = "<group>";
		};
		DBCF91A92CA46B8100A0DD02 /* Help */ = {
			isa = PBXGroup;
			children = (
				DBCF91B62CA46D0900A0DD02 /* Views */,
				DBCF91AA2CA46CAB00A0DD02 /* MVDBHelpViewController.swift */,
				DBCF91AC2CA46CBC00A0DD02 /* MVDBHelpInteractor.swift */,
				DBCF91AE2CA46CC600A0DD02 /* MVDBHelpPresenter.swift */,
				DBCF91B02CA46CCF00A0DD02 /* MVDBHelpEntity.swift */,
				DBCF91B22CA46CD500A0DD02 /* MVDBHelpRouter.swift */,
				DBCF91B42CA46CDF00A0DD02 /* MVDBHelpProtocols.swift */,
			);
			path = Help;
			sourceTree = "<group>";
		};
		DBCF91B62CA46D0900A0DD02 /* Views */ = {
			isa = PBXGroup;
			children = (
				DBCF91B72CA46D1800A0DD02 /* MVDBHelpUIView.swift */,
			);
			path = Views;
			sourceTree = "<group>";
		};
		DBE9BF642C9DD4460062290A /* Lobby */ = {
			isa = PBXGroup;
			children = (
				DBB634482C9DF8C200E579F7 /* Views */,
				DBE9BF652C9DD4660062290A /* MVDBLobbyViewController.swift */,
				DBE9BF672C9DD47A0062290A /* MVDBLobbyInteractor.swift */,
				DBE9BF692C9DD4830062290A /* MVDBLobbyPresenter.swift */,
				DBE9BF6B2C9DD48A0062290A /* MVDBLobbyEntity.swift */,
				DBE9BF6D2C9DD4940062290A /* MVDBLobbyRouter.swift */,
				DBE9BF6F2C9DD49E0062290A /* MVDBLobbyProtocols.swift */,
			);
			path = Lobby;
			sourceTree = "<group>";
		};
/* End PBXGroup section */

/* Begin PBXNativeTarget section */
		DB1709262ACE214E00408A66 /* MovieDBFullProject */ = {
			isa = PBXNativeTarget;
			buildConfigurationList = DB1709512ACE215100408A66 /* Build configuration list for PBXNativeTarget "MovieDBFullProject" */;
			buildPhases = (
				DB1709232ACE214E00408A66 /* Sources */,
				DB1709242ACE214E00408A66 /* Frameworks */,
				DB1709252ACE214E00408A66 /* Resources */,
			);
			buildRules = (
			);
			dependencies = (
			);
			name = MovieDBFullProject;
			packageProductDependencies = (
			);
			productName = MovieDBFullProject;
			productReference = DB1709272ACE214E00408A66 /* MovieDBFullProject.app */;
			productType = "com.apple.product-type.application";
		};
		DB17093C2ACE215100408A66 /* MovieDBFullProjectTests */ = {
			isa = PBXNativeTarget;
			buildConfigurationList = DB1709542ACE215100408A66 /* Build configuration list for PBXNativeTarget "MovieDBFullProjectTests" */;
			buildPhases = (
				DB1709392ACE215100408A66 /* Sources */,
				DB17093A2ACE215100408A66 /* Frameworks */,
				DB17093B2ACE215100408A66 /* Resources */,
			);
			buildRules = (
			);
			dependencies = (
				DB17093F2ACE215100408A66 /* PBXTargetDependency */,
			);
			name = MovieDBFullProjectTests;
			productName = MovieDBFullProjectTests;
			productReference = DB17093D2ACE215100408A66 /* MovieDBFullProjectTests.xctest */;
			productType = "com.apple.product-type.bundle.unit-test";
		};
		DB1709462ACE215100408A66 /* MovieDBFullProjectUITests */ = {
			isa = PBXNativeTarget;
			buildConfigurationList = DB1709572ACE215100408A66 /* Build configuration list for PBXNativeTarget "MovieDBFullProjectUITests" */;
			buildPhases = (
				DB1709432ACE215100408A66 /* Sources */,
				DB1709442ACE215100408A66 /* Frameworks */,
				DB1709452ACE215100408A66 /* Resources */,
			);
			buildRules = (
			);
			dependencies = (
				DB1709492ACE215100408A66 /* PBXTargetDependency */,
			);
			name = MovieDBFullProjectUITests;
			productName = MovieDBFullProjectUITests;
			productReference = DB1709472ACE215100408A66 /* MovieDBFullProjectUITests.xctest */;
			productType = "com.apple.product-type.bundle.ui-testing";
		};
/* End PBXNativeTarget section */

/* Begin PBXProject section */
		DB17091F2ACE214E00408A66 /* Project object */ = {
			isa = PBXProject;
			attributes = {
				BuildIndependentTargetsInParallel = 1;
				LastSwiftUpdateCheck = 1500;
				LastUpgradeCheck = 1500;
				TargetAttributes = {
					DB1709262ACE214E00408A66 = {
						CreatedOnToolsVersion = 15.0;
					};
					DB17093C2ACE215100408A66 = {
						CreatedOnToolsVersion = 15.0;
						TestTargetID = DB1709262ACE214E00408A66;
					};
					DB1709462ACE215100408A66 = {
						CreatedOnToolsVersion = 15.0;
						TestTargetID = DB1709262ACE214E00408A66;
					};
				};
			};
			buildConfigurationList = DB1709222ACE214E00408A66 /* Build configuration list for PBXProject "MovieDBFullProject" */;
			compatibilityVersion = "Xcode 14.0";
			developmentRegion = en;
			hasScannedForEncodings = 0;
			knownRegions = (
				en,
				Base,
			);
			mainGroup = DB17091E2ACE214E00408A66;
			packageReferences = (
				DB37DBCE2ADDEA6900269869 /* XCRemoteSwiftPackageReference "firebase-ios-sdk" */,
			);
			productRefGroup = DB1709282ACE214E00408A66 /* Products */;
			projectDirPath = "";
			projectRoot = "";
			targets = (
				DB1709262ACE214E00408A66 /* MovieDBFullProject */,
				DB17093C2ACE215100408A66 /* MovieDBFullProjectTests */,
				DB1709462ACE215100408A66 /* MovieDBFullProjectUITests */,
			);
		};
/* End PBXProject section */

/* Begin PBXResourcesBuildPhase section */
		DB1709252ACE214E00408A66 /* Resources */ = {
			isa = PBXResourcesBuildPhase;
			buildActionMask = 2147483647;
			files = (
				DB1709872ACE32A100408A66 /* SFPRODISPLAYMEDIUM.OTF in Resources */,
				DB1709842ACE32A100408A66 /* SFPRODISPLAYLIGHTITALIC.OTF in Resources */,
				DB1709852ACE32A100408A66 /* SFPRODISPLAYBLACKITALIC.OTF in Resources */,
				DB1709822ACE32A100408A66 /* SFPRODISPLAYTHINITALIC.OTF in Resources */,
				DB1709372ACE215000408A66 /* LaunchScreen.storyboard in Resources */,
				DB37DBCD2ADDE95600269869 /* GoogleService-Info.plist in Resources */,
				DB1709802ACE32A100408A66 /* SFPRODISPLAYHEAVYITALIC.OTF in Resources */,
				DB1709832ACE32A100408A66 /* SFPRODISPLAYREGULAR.OTF in Resources */,
				DB17097F2ACE32A100408A66 /* SFPRODISPLAYSEMIBOLDITALIC.OTF in Resources */,
				DB1709342ACE215000408A66 /* Assets.xcassets in Resources */,
				DB1709862ACE32A100408A66 /* SfProDisplayBold.OTF in Resources */,
				DB1709812ACE32A100408A66 /* SFPRODISPLAYULTRALIGHTITALIC.OTF in Resources */,
			);
			runOnlyForDeploymentPostprocessing = 0;
		};
		DB17093B2ACE215100408A66 /* Resources */ = {
			isa = PBXResourcesBuildPhase;
			buildActionMask = 2147483647;
			files = (
			);
			runOnlyForDeploymentPostprocessing = 0;
		};
		DB1709452ACE215100408A66 /* Resources */ = {
			isa = PBXResourcesBuildPhase;
			buildActionMask = 2147483647;
			files = (
			);
			runOnlyForDeploymentPostprocessing = 0;
		};
/* End PBXResourcesBuildPhase section */

/* Begin PBXSourcesBuildPhase section */
		DB1709232ACE214E00408A66 /* Sources */ = {
			isa = PBXSourcesBuildPhase;
			buildActionMask = 2147483647;
			files = (
				DBA587EB2CB709A900BE4220 /* MVDBTextField.swift in Sources */,
				DBE9BF682C9DD47A0062290A /* MVDBLobbyInteractor.swift in Sources */,
				DB35257E2B8FA60C0031DD2F /* SignInEntity.swift in Sources */,
				DBCF91AB2CA46CAB00A0DD02 /* MVDBHelpViewController.swift in Sources */,
				DBCF91AF2CA46CC600A0DD02 /* MVDBHelpPresenter.swift in Sources */,
				DBB6344C2CA1D2F900E579F7 /* MVDBSignUpNameViewController.swift in Sources */,
				DB17098E2ACE373000408A66 /* UIColor+HexColor.swift in Sources */,
				DB17092B2ACE214E00408A66 /* AppDelegate.swift in Sources */,
				DBA587E82CB709A900BE4220 /* MVDBUIProgressView.swift in Sources */,
				DBB634502CA1D32000E579F7 /* MVDBSignUpNamePresenter.swift in Sources */,
				DBA587E92CB709A900BE4220 /* MVDBUIAlertController.swift in Sources */,
				DBB634582CA1D8D100E579F7 /* MVDBSignUpUIView.swift in Sources */,
				DBB6345A2CA1F80A00E579F7 /* UINavController+Custom.swift in Sources */,
				DBE9BF6E2C9DD4940062290A /* MVDBLobbyRouter.swift in Sources */,
				DBB6344A2C9DF8E200E579F7 /* MVDBLobbyUIView.swift in Sources */,
				DBA587E72CB709A900BE4220 /* MVDBUINavigationController.swift in Sources */,
				DBB6344E2CA1D31700E579F7 /* MVDBSignUpNameInteractor.swift in Sources */,
				DB1709662ACE257C00408A66 /* BaseViewController.swift in Sources */,
				DBCF91AD2CA46CBC00A0DD02 /* MVDBHelpInteractor.swift in Sources */,
				DBC5FD9C2ADDF2FE00A103A9 /* Fonts+Custom.swift in Sources */,
				DB55ECDB2ADDFA4900B4DDF8 /* SignUpEntity.swift in Sources */,
				DBE9BF6A2C9DD4830062290A /* MVDBLobbyPresenter.swift in Sources */,
				DB1709732ACE29BE00408A66 /* Constants.swift in Sources */,
				DBB634562CA1D33800E579F7 /* MVDBSignUpProtocols.swift in Sources */,
				DBCF91B52CA46CDF00A0DD02 /* MVDBHelpProtocols.swift in Sources */,
				DBCF91B32CA46CD500A0DD02 /* MVDBHelpRouter.swift in Sources */,
				DBB634522CA1D32700E579F7 /* MVDBSignUpEntity.swift in Sources */,
				DBE9BF6C2C9DD48A0062290A /* MVDBLobbyEntity.swift in Sources */,
				DBCF91B82CA46D1800A0DD02 /* MVDBHelpUIView.swift in Sources */,
				DB1CF22C2ADE0CBC00175181 /* SignUpFirebaseService.swift in Sources */,
				DBE9BF702C9DD49E0062290A /* MVDBLobbyProtocols.swift in Sources */,
				DB17092D2ACE214E00408A66 /* SceneDelegate.swift in Sources */,
				DBA587EA2CB709A900BE4220 /* MVDBUILabel.swift in Sources */,
				DBCF91B12CA46CCF00A0DD02 /* MVDBHelpEntity.swift in Sources */,
				DB1709902ACE375300408A66 /* UIColor+NewColors.swift in Sources */,
				DBB634822CA23CBD00E579F7 /* UIProgressView+CornerRadius.swift in Sources */,
				DBE9BF662C9DD4660062290A /* MVDBLobbyViewController.swift in Sources */,
				DB17098B2ACE35A500408A66 /* UIFont+NewFonts.swift in Sources */,
				DBA587EC2CB709A900BE4220 /* MVDBUIButton.swift in Sources */,
				DBA587E62CB709A900BE4220 /* MVDBUINavigationBar.swift in Sources */,
				DBB634542CA1D32F00E579F7 /* MVDBSignUpNameRouter.swift in Sources */,
			);
			runOnlyForDeploymentPostprocessing = 0;
		};
		DB1709392ACE215100408A66 /* Sources */ = {
			isa = PBXSourcesBuildPhase;
			buildActionMask = 2147483647;
			files = (
				DB1709422ACE215100408A66 /* MovieDBFullProjectTests.swift in Sources */,
			);
			runOnlyForDeploymentPostprocessing = 0;
		};
		DB1709432ACE215100408A66 /* Sources */ = {
			isa = PBXSourcesBuildPhase;
			buildActionMask = 2147483647;
			files = (
				DB17094E2ACE215100408A66 /* MovieDBFullProjectUITestsLaunchTests.swift in Sources */,
				DB17094C2ACE215100408A66 /* MovieDBFullProjectUITests.swift in Sources */,
			);
			runOnlyForDeploymentPostprocessing = 0;
		};
/* End PBXSourcesBuildPhase section */

/* Begin PBXTargetDependency section */
		DB17093F2ACE215100408A66 /* PBXTargetDependency */ = {
			isa = PBXTargetDependency;
			target = DB1709262ACE214E00408A66 /* MovieDBFullProject */;
			targetProxy = DB17093E2ACE215100408A66 /* PBXContainerItemProxy */;
		};
		DB1709492ACE215100408A66 /* PBXTargetDependency */ = {
			isa = PBXTargetDependency;
			target = DB1709262ACE214E00408A66 /* MovieDBFullProject */;
			targetProxy = DB1709482ACE215100408A66 /* PBXContainerItemProxy */;
		};
/* End PBXTargetDependency section */

/* Begin PBXVariantGroup section */
		DB1709352ACE215000408A66 /* LaunchScreen.storyboard */ = {
			isa = PBXVariantGroup;
			children = (
				DB1709362ACE215000408A66 /* Base */,
			);
			name = LaunchScreen.storyboard;
			sourceTree = "<group>";
		};
/* End PBXVariantGroup section */

/* Begin XCBuildConfiguration section */
		DB17094F2ACE215100408A66 /* Debug */ = {
			isa = XCBuildConfiguration;
			buildSettings = {
				ALWAYS_SEARCH_USER_PATHS = NO;
				ASSETCATALOG_COMPILER_GENERATE_SWIFT_ASSET_SYMBOL_EXTENSIONS = YES;
				CLANG_ANALYZER_NONNULL = YES;
				CLANG_ANALYZER_NUMBER_OBJECT_CONVERSION = YES_AGGRESSIVE;
				CLANG_CXX_LANGUAGE_STANDARD = "gnu++20";
				CLANG_ENABLE_MODULES = YES;
				CLANG_ENABLE_OBJC_ARC = YES;
				CLANG_ENABLE_OBJC_WEAK = YES;
				CLANG_WARN_BLOCK_CAPTURE_AUTORELEASING = YES;
				CLANG_WARN_BOOL_CONVERSION = YES;
				CLANG_WARN_COMMA = YES;
				CLANG_WARN_CONSTANT_CONVERSION = YES;
				CLANG_WARN_DEPRECATED_OBJC_IMPLEMENTATIONS = YES;
				CLANG_WARN_DIRECT_OBJC_ISA_USAGE = YES_ERROR;
				CLANG_WARN_DOCUMENTATION_COMMENTS = YES;
				CLANG_WARN_EMPTY_BODY = YES;
				CLANG_WARN_ENUM_CONVERSION = YES;
				CLANG_WARN_INFINITE_RECURSION = YES;
				CLANG_WARN_INT_CONVERSION = YES;
				CLANG_WARN_NON_LITERAL_NULL_CONVERSION = YES;
				CLANG_WARN_OBJC_IMPLICIT_RETAIN_SELF = YES;
				CLANG_WARN_OBJC_LITERAL_CONVERSION = YES;
				CLANG_WARN_OBJC_ROOT_CLASS = YES_ERROR;
				CLANG_WARN_QUOTED_INCLUDE_IN_FRAMEWORK_HEADER = YES;
				CLANG_WARN_RANGE_LOOP_ANALYSIS = YES;
				CLANG_WARN_STRICT_PROTOTYPES = YES;
				CLANG_WARN_SUSPICIOUS_MOVE = YES;
				CLANG_WARN_UNGUARDED_AVAILABILITY = YES_AGGRESSIVE;
				CLANG_WARN_UNREACHABLE_CODE = YES;
				CLANG_WARN__DUPLICATE_METHOD_MATCH = YES;
				COPY_PHASE_STRIP = NO;
				DEBUG_INFORMATION_FORMAT = dwarf;
				ENABLE_STRICT_OBJC_MSGSEND = YES;
				ENABLE_TESTABILITY = YES;
				ENABLE_USER_SCRIPT_SANDBOXING = YES;
				GCC_C_LANGUAGE_STANDARD = gnu17;
				GCC_DYNAMIC_NO_PIC = NO;
				GCC_NO_COMMON_BLOCKS = YES;
				GCC_OPTIMIZATION_LEVEL = 0;
				GCC_PREPROCESSOR_DEFINITIONS = (
					"DEBUG=1",
					"$(inherited)",
				);
				GCC_WARN_64_TO_32_BIT_CONVERSION = YES;
				GCC_WARN_ABOUT_RETURN_TYPE = YES_ERROR;
				GCC_WARN_UNDECLARED_SELECTOR = YES;
				GCC_WARN_UNINITIALIZED_AUTOS = YES_AGGRESSIVE;
				GCC_WARN_UNUSED_FUNCTION = YES;
				GCC_WARN_UNUSED_VARIABLE = YES;
				IPHONEOS_DEPLOYMENT_TARGET = 16.0;
				LOCALIZATION_PREFERS_STRING_CATALOGS = YES;
				MTL_ENABLE_DEBUG_INFO = INCLUDE_SOURCE;
				MTL_FAST_MATH = YES;
				ONLY_ACTIVE_ARCH = YES;
				SDKROOT = iphoneos;
				SWIFT_ACTIVE_COMPILATION_CONDITIONS = "DEBUG $(inherited)";
				SWIFT_OPTIMIZATION_LEVEL = "-Onone";
			};
			name = Debug;
		};
		DB1709502ACE215100408A66 /* Release */ = {
			isa = XCBuildConfiguration;
			buildSettings = {
				ALWAYS_SEARCH_USER_PATHS = NO;
				ASSETCATALOG_COMPILER_GENERATE_SWIFT_ASSET_SYMBOL_EXTENSIONS = YES;
				CLANG_ANALYZER_NONNULL = YES;
				CLANG_ANALYZER_NUMBER_OBJECT_CONVERSION = YES_AGGRESSIVE;
				CLANG_CXX_LANGUAGE_STANDARD = "gnu++20";
				CLANG_ENABLE_MODULES = YES;
				CLANG_ENABLE_OBJC_ARC = YES;
				CLANG_ENABLE_OBJC_WEAK = YES;
				CLANG_WARN_BLOCK_CAPTURE_AUTORELEASING = YES;
				CLANG_WARN_BOOL_CONVERSION = YES;
				CLANG_WARN_COMMA = YES;
				CLANG_WARN_CONSTANT_CONVERSION = YES;
				CLANG_WARN_DEPRECATED_OBJC_IMPLEMENTATIONS = YES;
				CLANG_WARN_DIRECT_OBJC_ISA_USAGE = YES_ERROR;
				CLANG_WARN_DOCUMENTATION_COMMENTS = YES;
				CLANG_WARN_EMPTY_BODY = YES;
				CLANG_WARN_ENUM_CONVERSION = YES;
				CLANG_WARN_INFINITE_RECURSION = YES;
				CLANG_WARN_INT_CONVERSION = YES;
				CLANG_WARN_NON_LITERAL_NULL_CONVERSION = YES;
				CLANG_WARN_OBJC_IMPLICIT_RETAIN_SELF = YES;
				CLANG_WARN_OBJC_LITERAL_CONVERSION = YES;
				CLANG_WARN_OBJC_ROOT_CLASS = YES_ERROR;
				CLANG_WARN_QUOTED_INCLUDE_IN_FRAMEWORK_HEADER = YES;
				CLANG_WARN_RANGE_LOOP_ANALYSIS = YES;
				CLANG_WARN_STRICT_PROTOTYPES = YES;
				CLANG_WARN_SUSPICIOUS_MOVE = YES;
				CLANG_WARN_UNGUARDED_AVAILABILITY = YES_AGGRESSIVE;
				CLANG_WARN_UNREACHABLE_CODE = YES;
				CLANG_WARN__DUPLICATE_METHOD_MATCH = YES;
				COPY_PHASE_STRIP = NO;
				DEBUG_INFORMATION_FORMAT = "dwarf-with-dsym";
				ENABLE_NS_ASSERTIONS = NO;
				ENABLE_STRICT_OBJC_MSGSEND = YES;
				ENABLE_USER_SCRIPT_SANDBOXING = YES;
				GCC_C_LANGUAGE_STANDARD = gnu17;
				GCC_NO_COMMON_BLOCKS = YES;
				GCC_WARN_64_TO_32_BIT_CONVERSION = YES;
				GCC_WARN_ABOUT_RETURN_TYPE = YES_ERROR;
				GCC_WARN_UNDECLARED_SELECTOR = YES;
				GCC_WARN_UNINITIALIZED_AUTOS = YES_AGGRESSIVE;
				GCC_WARN_UNUSED_FUNCTION = YES;
				GCC_WARN_UNUSED_VARIABLE = YES;
				IPHONEOS_DEPLOYMENT_TARGET = 16.0;
				LOCALIZATION_PREFERS_STRING_CATALOGS = YES;
				MTL_ENABLE_DEBUG_INFO = NO;
				MTL_FAST_MATH = YES;
				SDKROOT = iphoneos;
				SWIFT_COMPILATION_MODE = wholemodule;
				VALIDATE_PRODUCT = YES;
			};
			name = Release;
		};
		DB1709522ACE215100408A66 /* Debug */ = {
			isa = XCBuildConfiguration;
			buildSettings = {
				ASSETCATALOG_COMPILER_APPICON_NAME = AppIcon;
				ASSETCATALOG_COMPILER_GLOBAL_ACCENT_COLOR_NAME = AccentColor;
				CODE_SIGN_STYLE = Automatic;
				CURRENT_PROJECT_VERSION = 1;
				DEVELOPMENT_TEAM = UV3M98YDVA;
				GENERATE_INFOPLIST_FILE = YES;
				INFOPLIST_FILE = MovieDBFullProject/Info.plist;
				INFOPLIST_KEY_UIApplicationSupportsIndirectInputEvents = YES;
				INFOPLIST_KEY_UILaunchStoryboardName = LaunchScreen;
				INFOPLIST_KEY_UISupportedInterfaceOrientations = UIInterfaceOrientationPortrait;
				INFOPLIST_KEY_UISupportedInterfaceOrientations_iPad = "UIInterfaceOrientationLandscapeLeft UIInterfaceOrientationLandscapeRight UIInterfaceOrientationPortrait UIInterfaceOrientationPortraitUpsideDown";
				IPHONEOS_DEPLOYMENT_TARGET = 16.0;
				LD_RUNPATH_SEARCH_PATHS = (
					"$(inherited)",
					"@executable_path/Frameworks",
				);
				MARKETING_VERSION = 1.0;
				PRODUCT_BUNDLE_IDENTIFIER = com.bertochgg.chgg.MovieDBFullProject;
				PRODUCT_NAME = "$(TARGET_NAME)";
				SUPPORTED_PLATFORMS = "iphoneos iphonesimulator";
				SUPPORTS_MACCATALYST = NO;
				SUPPORTS_MAC_DESIGNED_FOR_IPHONE_IPAD = NO;
				SWIFT_EMIT_LOC_STRINGS = YES;
				SWIFT_VERSION = 5.0;
				TARGETED_DEVICE_FAMILY = 1;
			};
			name = Debug;
		};
		DB1709532ACE215100408A66 /* Release */ = {
			isa = XCBuildConfiguration;
			buildSettings = {
				ASSETCATALOG_COMPILER_APPICON_NAME = AppIcon;
				ASSETCATALOG_COMPILER_GLOBAL_ACCENT_COLOR_NAME = AccentColor;
				CODE_SIGN_STYLE = Automatic;
				CURRENT_PROJECT_VERSION = 1;
				DEVELOPMENT_TEAM = UV3M98YDVA;
				GENERATE_INFOPLIST_FILE = YES;
				INFOPLIST_FILE = MovieDBFullProject/Info.plist;
				INFOPLIST_KEY_UIApplicationSupportsIndirectInputEvents = YES;
				INFOPLIST_KEY_UILaunchStoryboardName = LaunchScreen;
				INFOPLIST_KEY_UISupportedInterfaceOrientations = UIInterfaceOrientationPortrait;
				INFOPLIST_KEY_UISupportedInterfaceOrientations_iPad = "UIInterfaceOrientationLandscapeLeft UIInterfaceOrientationLandscapeRight UIInterfaceOrientationPortrait UIInterfaceOrientationPortraitUpsideDown";
				IPHONEOS_DEPLOYMENT_TARGET = 16.0;
				LD_RUNPATH_SEARCH_PATHS = (
					"$(inherited)",
					"@executable_path/Frameworks",
				);
				MARKETING_VERSION = 1.0;
				PRODUCT_BUNDLE_IDENTIFIER = com.bertochgg.chgg.MovieDBFullProject;
				PRODUCT_NAME = "$(TARGET_NAME)";
				SUPPORTED_PLATFORMS = "iphoneos iphonesimulator";
				SUPPORTS_MACCATALYST = NO;
				SUPPORTS_MAC_DESIGNED_FOR_IPHONE_IPAD = NO;
				SWIFT_EMIT_LOC_STRINGS = YES;
				SWIFT_VERSION = 5.0;
				TARGETED_DEVICE_FAMILY = 1;
			};
			name = Release;
		};
		DB1709552ACE215100408A66 /* Debug */ = {
			isa = XCBuildConfiguration;
			buildSettings = {
				ALWAYS_EMBED_SWIFT_STANDARD_LIBRARIES = YES;
				BUNDLE_LOADER = "$(TEST_HOST)";
				CODE_SIGN_STYLE = Automatic;
				CURRENT_PROJECT_VERSION = 1;
				DEVELOPMENT_TEAM = UV3M98YDVA;
				GENERATE_INFOPLIST_FILE = YES;
				IPHONEOS_DEPLOYMENT_TARGET = 17.0;
				MARKETING_VERSION = 1.0;
				PRODUCT_BUNDLE_IDENTIFIER = com.bertochgg.chgg.MovieDBFullProjectTests;
				PRODUCT_NAME = "$(TARGET_NAME)";
				SWIFT_EMIT_LOC_STRINGS = NO;
				SWIFT_VERSION = 5.0;
				TARGETED_DEVICE_FAMILY = "1,2";
				TEST_HOST = "$(BUILT_PRODUCTS_DIR)/MovieDBFullProject.app/$(BUNDLE_EXECUTABLE_FOLDER_PATH)/MovieDBFullProject";
			};
			name = Debug;
		};
		DB1709562ACE215100408A66 /* Release */ = {
			isa = XCBuildConfiguration;
			buildSettings = {
				ALWAYS_EMBED_SWIFT_STANDARD_LIBRARIES = YES;
				BUNDLE_LOADER = "$(TEST_HOST)";
				CODE_SIGN_STYLE = Automatic;
				CURRENT_PROJECT_VERSION = 1;
				DEVELOPMENT_TEAM = UV3M98YDVA;
				GENERATE_INFOPLIST_FILE = YES;
				IPHONEOS_DEPLOYMENT_TARGET = 17.0;
				MARKETING_VERSION = 1.0;
				PRODUCT_BUNDLE_IDENTIFIER = com.bertochgg.chgg.MovieDBFullProjectTests;
				PRODUCT_NAME = "$(TARGET_NAME)";
				SWIFT_EMIT_LOC_STRINGS = NO;
				SWIFT_VERSION = 5.0;
				TARGETED_DEVICE_FAMILY = "1,2";
				TEST_HOST = "$(BUILT_PRODUCTS_DIR)/MovieDBFullProject.app/$(BUNDLE_EXECUTABLE_FOLDER_PATH)/MovieDBFullProject";
			};
			name = Release;
		};
		DB1709582ACE215100408A66 /* Debug */ = {
			isa = XCBuildConfiguration;
			buildSettings = {
				ALWAYS_EMBED_SWIFT_STANDARD_LIBRARIES = YES;
				CODE_SIGN_STYLE = Automatic;
				CURRENT_PROJECT_VERSION = 1;
				DEVELOPMENT_TEAM = UV3M98YDVA;
				GENERATE_INFOPLIST_FILE = YES;
				MARKETING_VERSION = 1.0;
				PRODUCT_BUNDLE_IDENTIFIER = com.bertochgg.chgg.MovieDBFullProjectUITests;
				PRODUCT_NAME = "$(TARGET_NAME)";
				SWIFT_EMIT_LOC_STRINGS = NO;
				SWIFT_VERSION = 5.0;
				TARGETED_DEVICE_FAMILY = "1,2";
				TEST_TARGET_NAME = MovieDBFullProject;
			};
			name = Debug;
		};
		DB1709592ACE215100408A66 /* Release */ = {
			isa = XCBuildConfiguration;
			buildSettings = {
				ALWAYS_EMBED_SWIFT_STANDARD_LIBRARIES = YES;
				CODE_SIGN_STYLE = Automatic;
				CURRENT_PROJECT_VERSION = 1;
				DEVELOPMENT_TEAM = UV3M98YDVA;
				GENERATE_INFOPLIST_FILE = YES;
				MARKETING_VERSION = 1.0;
				PRODUCT_BUNDLE_IDENTIFIER = com.bertochgg.chgg.MovieDBFullProjectUITests;
				PRODUCT_NAME = "$(TARGET_NAME)";
				SWIFT_EMIT_LOC_STRINGS = NO;
				SWIFT_VERSION = 5.0;
				TARGETED_DEVICE_FAMILY = "1,2";
				TEST_TARGET_NAME = MovieDBFullProject;
			};
			name = Release;
		};
/* End XCBuildConfiguration section */

/* Begin XCConfigurationList section */
		DB1709222ACE214E00408A66 /* Build configuration list for PBXProject "MovieDBFullProject" */ = {
			isa = XCConfigurationList;
			buildConfigurations = (
				DB17094F2ACE215100408A66 /* Debug */,
				DB1709502ACE215100408A66 /* Release */,
			);
			defaultConfigurationIsVisible = 0;
			defaultConfigurationName = Release;
		};
		DB1709512ACE215100408A66 /* Build configuration list for PBXNativeTarget "MovieDBFullProject" */ = {
			isa = XCConfigurationList;
			buildConfigurations = (
				DB1709522ACE215100408A66 /* Debug */,
				DB1709532ACE215100408A66 /* Release */,
			);
			defaultConfigurationIsVisible = 0;
			defaultConfigurationName = Release;
		};
		DB1709542ACE215100408A66 /* Build configuration list for PBXNativeTarget "MovieDBFullProjectTests" */ = {
			isa = XCConfigurationList;
			buildConfigurations = (
				DB1709552ACE215100408A66 /* Debug */,
				DB1709562ACE215100408A66 /* Release */,
			);
			defaultConfigurationIsVisible = 0;
			defaultConfigurationName = Release;
		};
		DB1709572ACE215100408A66 /* Build configuration list for PBXNativeTarget "MovieDBFullProjectUITests" */ = {
			isa = XCConfigurationList;
			buildConfigurations = (
				DB1709582ACE215100408A66 /* Debug */,
				DB1709592ACE215100408A66 /* Release */,
			);
			defaultConfigurationIsVisible = 0;
			defaultConfigurationName = Release;
		};
/* End XCConfigurationList section */

/* Begin XCRemoteSwiftPackageReference section */
		DB37DBCE2ADDEA6900269869 /* XCRemoteSwiftPackageReference "firebase-ios-sdk" */ = {
			isa = XCRemoteSwiftPackageReference;
			repositoryURL = "https://github.com/firebase/firebase-ios-sdk";
			requirement = {
				kind = upToNextMajorVersion;
				minimumVersion = 10.16.0;
			};
		};
/* End XCRemoteSwiftPackageReference section */
	};
	rootObject = DB17091F2ACE214E00408A66 /* Project object */;
}
