// !$*UTF8*$!
{
	archiveVersion = 1;
	classes = {
	};
	objectVersion = 56;
	objects = {

/* Begin PBXBuildFile section */
		DB17092B2ACE214E00408A66 /* AppDelegate.swift in Sources */ = {isa = PBXBuildFile; fileRef = DB17092A2ACE214E00408A66 /* AppDelegate.swift */; };
		DB17092D2ACE214E00408A66 /* SceneDelegate.swift in Sources */ = {isa = PBXBuildFile; fileRef = DB17092C2ACE214E00408A66 /* SceneDelegate.swift */; };
		DB1709342ACE215000408A66 /* Assets.xcassets in Resources */ = {isa = PBXBuildFile; fileRef = DB1709332ACE215000408A66 /* Assets.xcassets */; };
		DB1709372ACE215000408A66 /* LaunchScreen.storyboard in Resources */ = {isa = PBXBuildFile; fileRef = DB1709352ACE215000408A66 /* LaunchScreen.storyboard */; };
		DB1709422ACE215100408A66 /* MovieDBFullProjectTests.swift in Sources */ = {isa = PBXBuildFile; fileRef = DB1709412ACE215100408A66 /* MovieDBFullProjectTests.swift */; };
		DB17094C2ACE215100408A66 /* MovieDBFullProjectUITests.swift in Sources */ = {isa = PBXBuildFile; fileRef = DB17094B2ACE215100408A66 /* MovieDBFullProjectUITests.swift */; };
		DB17094E2ACE215100408A66 /* MovieDBFullProjectUITestsLaunchTests.swift in Sources */ = {isa = PBXBuildFile; fileRef = DB17094D2ACE215100408A66 /* MovieDBFullProjectUITestsLaunchTests.swift */; };
		DB1709642ACE255E00408A66 /* OnboardingViewController.swift in Sources */ = {isa = PBXBuildFile; fileRef = DB1709632ACE255E00408A66 /* OnboardingViewController.swift */; };
		DB1709662ACE257C00408A66 /* BaseViewController.swift in Sources */ = {isa = PBXBuildFile; fileRef = DB1709652ACE257C00408A66 /* BaseViewController.swift */; };
		DB17096A2ACE259D00408A66 /* OnboardingPresenter.swift in Sources */ = {isa = PBXBuildFile; fileRef = DB1709692ACE259D00408A66 /* OnboardingPresenter.swift */; };
		DB17096E2ACE25B100408A66 /* OnboardingRouter.swift in Sources */ = {isa = PBXBuildFile; fileRef = DB17096D2ACE25B100408A66 /* OnboardingRouter.swift */; };
		DB1709712ACE25C500408A66 /* OnboardingProtocols.swift in Sources */ = {isa = PBXBuildFile; fileRef = DB1709702ACE25C500408A66 /* OnboardingProtocols.swift */; };
		DB1709732ACE29BE00408A66 /* Constants.swift in Sources */ = {isa = PBXBuildFile; fileRef = DB1709722ACE29BE00408A66 /* Constants.swift */; };
		DB17097F2ACE32A100408A66 /* SFPRODISPLAYSEMIBOLDITALIC.OTF in Resources */ = {isa = PBXBuildFile; fileRef = DB1709762ACE32A000408A66 /* SFPRODISPLAYSEMIBOLDITALIC.OTF */; };
		DB1709802ACE32A100408A66 /* SFPRODISPLAYHEAVYITALIC.OTF in Resources */ = {isa = PBXBuildFile; fileRef = DB1709772ACE32A000408A66 /* SFPRODISPLAYHEAVYITALIC.OTF */; };
		DB1709812ACE32A100408A66 /* SFPRODISPLAYULTRALIGHTITALIC.OTF in Resources */ = {isa = PBXBuildFile; fileRef = DB1709782ACE32A000408A66 /* SFPRODISPLAYULTRALIGHTITALIC.OTF */; };
		DB1709822ACE32A100408A66 /* SFPRODISPLAYTHINITALIC.OTF in Resources */ = {isa = PBXBuildFile; fileRef = DB1709792ACE32A100408A66 /* SFPRODISPLAYTHINITALIC.OTF */; };
		DB1709832ACE32A100408A66 /* SFPRODISPLAYREGULAR.OTF in Resources */ = {isa = PBXBuildFile; fileRef = DB17097A2ACE32A100408A66 /* SFPRODISPLAYREGULAR.OTF */; };
		DB1709842ACE32A100408A66 /* SFPRODISPLAYLIGHTITALIC.OTF in Resources */ = {isa = PBXBuildFile; fileRef = DB17097B2ACE32A100408A66 /* SFPRODISPLAYLIGHTITALIC.OTF */; };
		DB1709852ACE32A100408A66 /* SFPRODISPLAYBLACKITALIC.OTF in Resources */ = {isa = PBXBuildFile; fileRef = DB17097C2ACE32A100408A66 /* SFPRODISPLAYBLACKITALIC.OTF */; };
		DB1709862ACE32A100408A66 /* SfProDisplayBold.OTF in Resources */ = {isa = PBXBuildFile; fileRef = DB17097D2ACE32A100408A66 /* SfProDisplayBold.OTF */; };
		DB1709872ACE32A100408A66 /* SFPRODISPLAYMEDIUM.OTF in Resources */ = {isa = PBXBuildFile; fileRef = DB17097E2ACE32A100408A66 /* SFPRODISPLAYMEDIUM.OTF */; };
		DB17098B2ACE35A500408A66 /* UIFont+NewFonts.swift in Sources */ = {isa = PBXBuildFile; fileRef = DB17098A2ACE35A500408A66 /* UIFont+NewFonts.swift */; };
		DB17098E2ACE373000408A66 /* UIColor+HexColor.swift in Sources */ = {isa = PBXBuildFile; fileRef = DB17098D2ACE373000408A66 /* UIColor+HexColor.swift */; };
		DB1709902ACE375300408A66 /* UIColor+NewColors.swift in Sources */ = {isa = PBXBuildFile; fileRef = DB17098F2ACE375300408A66 /* UIColor+NewColors.swift */; };
		DB1752CB2B90F8460005A535 /* EmailSignUpRouter.swift in Sources */ = {isa = PBXBuildFile; fileRef = DB1752CA2B90F8460005A535 /* EmailSignUpRouter.swift */; };
		DB1BFAA42B92357E002328CA /* PasswordSignUpInteractor.swift in Sources */ = {isa = PBXBuildFile; fileRef = DB1BFAA32B92357D002328CA /* PasswordSignUpInteractor.swift */; };
		DB1BFAA62B923587002328CA /* PasswordSignUpPresenter.swift in Sources */ = {isa = PBXBuildFile; fileRef = DB1BFAA52B923587002328CA /* PasswordSignUpPresenter.swift */; };
		DB1BFAA82B923590002328CA /* PasswordSignUpRouter.swift in Sources */ = {isa = PBXBuildFile; fileRef = DB1BFAA72B923590002328CA /* PasswordSignUpRouter.swift */; };
		DB1BFAAA2B9235AC002328CA /* PasswordSignUpProtocols.swift in Sources */ = {isa = PBXBuildFile; fileRef = DB1BFAA92B9235AC002328CA /* PasswordSignUpProtocols.swift */; };
		DB1CF22C2ADE0CBC00175181 /* SignUpFirebaseService.swift in Sources */ = {isa = PBXBuildFile; fileRef = DB1CF22B2ADE0CBC00175181 /* SignUpFirebaseService.swift */; };
		DB2D00E02C137998002D05E1 /* GenericUILabel.swift in Sources */ = {isa = PBXBuildFile; fileRef = DB2D00DF2C137998002D05E1 /* GenericUILabel.swift */; };
		DB35257E2B8FA60C0031DD2F /* SignInEntity.swift in Sources */ = {isa = PBXBuildFile; fileRef = DB35257D2B8FA60C0031DD2F /* SignInEntity.swift */; };
		DB3525812B8FB5A10031DD2F /* NameSignUpViewController.swift in Sources */ = {isa = PBXBuildFile; fileRef = DB3525802B8FB5A10031DD2F /* NameSignUpViewController.swift */; };
		DB3525832B8FB5B10031DD2F /* EmailSignUpViewController.swift in Sources */ = {isa = PBXBuildFile; fileRef = DB3525822B8FB5B10031DD2F /* EmailSignUpViewController.swift */; };
		DB3525852B8FB5C10031DD2F /* PasswordSignUpViewController.swift in Sources */ = {isa = PBXBuildFile; fileRef = DB3525842B8FB5C10031DD2F /* PasswordSignUpViewController.swift */; };
		DB3525882B8FB6030031DD2F /* BaseSignUpViewController.swift in Sources */ = {isa = PBXBuildFile; fileRef = DB3525872B8FB6030031DD2F /* BaseSignUpViewController.swift */; };
		DB35258B2B8FD1A40031DD2F /* NameSignUpInteractor.swift in Sources */ = {isa = PBXBuildFile; fileRef = DB35258A2B8FD1A40031DD2F /* NameSignUpInteractor.swift */; };
		DB35258D2B8FD1B40031DD2F /* NameSignUpPresenter.swift in Sources */ = {isa = PBXBuildFile; fileRef = DB35258C2B8FD1B40031DD2F /* NameSignUpPresenter.swift */; };
		DB35258F2B8FD1CD0031DD2F /* NameSignUpProtocols.swift in Sources */ = {isa = PBXBuildFile; fileRef = DB35258E2B8FD1CD0031DD2F /* NameSignUpProtocols.swift */; };
		DB3525922B8FDF380031DD2F /* EmailSignUpInteractor.swift in Sources */ = {isa = PBXBuildFile; fileRef = DB3525912B8FDF380031DD2F /* EmailSignUpInteractor.swift */; };
		DB3525942B8FDF460031DD2F /* EmailSignUpPresenter.swift in Sources */ = {isa = PBXBuildFile; fileRef = DB3525932B8FDF460031DD2F /* EmailSignUpPresenter.swift */; };
		DB3525962B8FDF560031DD2F /* EmailSignUpProtocols.swift in Sources */ = {isa = PBXBuildFile; fileRef = DB3525952B8FDF560031DD2F /* EmailSignUpProtocols.swift */; };
		DB3525982B8FDF870031DD2F /* NameSignUpRouter.swift in Sources */ = {isa = PBXBuildFile; fileRef = DB3525972B8FDF870031DD2F /* NameSignUpRouter.swift */; };
		DB37DBCD2ADDE95600269869 /* GoogleService-Info.plist in Resources */ = {isa = PBXBuildFile; fileRef = DB37DBCC2ADDE95600269869 /* GoogleService-Info.plist */; };
		DB37DBD02ADDEA6900269869 /* FirebaseAnalytics in Frameworks */ = {isa = PBXBuildFile; productRef = DB37DBCF2ADDEA6900269869 /* FirebaseAnalytics */; };
		DB37DBD22ADDEA6900269869 /* FirebaseAnalyticsOnDeviceConversion in Frameworks */ = {isa = PBXBuildFile; productRef = DB37DBD12ADDEA6900269869 /* FirebaseAnalyticsOnDeviceConversion */; };
		DB37DBD42ADDEA6900269869 /* FirebaseAnalyticsSwift in Frameworks */ = {isa = PBXBuildFile; productRef = DB37DBD32ADDEA6900269869 /* FirebaseAnalyticsSwift */; };
		DB37DBD62ADDEA6900269869 /* FirebaseAnalyticsWithoutAdIdSupport in Frameworks */ = {isa = PBXBuildFile; productRef = DB37DBD52ADDEA6900269869 /* FirebaseAnalyticsWithoutAdIdSupport */; };
		DB37DBD82ADDEA6900269869 /* FirebaseAppCheck in Frameworks */ = {isa = PBXBuildFile; productRef = DB37DBD72ADDEA6900269869 /* FirebaseAppCheck */; };
		DB37DBDA2ADDEA6900269869 /* FirebaseAppDistribution-Beta in Frameworks */ = {isa = PBXBuildFile; productRef = DB37DBD92ADDEA6900269869 /* FirebaseAppDistribution-Beta */; };
		DB37DBDC2ADDEA6900269869 /* FirebaseAuth in Frameworks */ = {isa = PBXBuildFile; productRef = DB37DBDB2ADDEA6900269869 /* FirebaseAuth */; };
		DB37DBDE2ADDEA6900269869 /* FirebaseAuthCombine-Community in Frameworks */ = {isa = PBXBuildFile; productRef = DB37DBDD2ADDEA6900269869 /* FirebaseAuthCombine-Community */; };
		DB37DBE02ADDEA6900269869 /* FirebaseCrashlytics in Frameworks */ = {isa = PBXBuildFile; productRef = DB37DBDF2ADDEA6900269869 /* FirebaseCrashlytics */; };
		DB37DBE22ADDEA6900269869 /* FirebaseDatabase in Frameworks */ = {isa = PBXBuildFile; productRef = DB37DBE12ADDEA6900269869 /* FirebaseDatabase */; };
		DB37DBE42ADDEA6900269869 /* FirebaseDatabaseSwift in Frameworks */ = {isa = PBXBuildFile; productRef = DB37DBE32ADDEA6900269869 /* FirebaseDatabaseSwift */; };
		DB37DBE62ADDEA6900269869 /* FirebaseDynamicLinks in Frameworks */ = {isa = PBXBuildFile; productRef = DB37DBE52ADDEA6900269869 /* FirebaseDynamicLinks */; };
		DB37DBE82ADDEA6900269869 /* FirebaseFirestore in Frameworks */ = {isa = PBXBuildFile; productRef = DB37DBE72ADDEA6900269869 /* FirebaseFirestore */; };
		DB37DBEA2ADDEA6900269869 /* FirebaseFirestoreCombine-Community in Frameworks */ = {isa = PBXBuildFile; productRef = DB37DBE92ADDEA6900269869 /* FirebaseFirestoreCombine-Community */; };
		DB37DBEC2ADDEA6900269869 /* FirebaseFirestoreSwift in Frameworks */ = {isa = PBXBuildFile; productRef = DB37DBEB2ADDEA6900269869 /* FirebaseFirestoreSwift */; };
		DB37DBEE2ADDEA6900269869 /* FirebaseFunctions in Frameworks */ = {isa = PBXBuildFile; productRef = DB37DBED2ADDEA6900269869 /* FirebaseFunctions */; };
		DB37DBF02ADDEA6900269869 /* FirebaseFunctionsCombine-Community in Frameworks */ = {isa = PBXBuildFile; productRef = DB37DBEF2ADDEA6900269869 /* FirebaseFunctionsCombine-Community */; };
		DB37DBF22ADDEA6900269869 /* FirebaseInAppMessaging-Beta in Frameworks */ = {isa = PBXBuildFile; productRef = DB37DBF12ADDEA6900269869 /* FirebaseInAppMessaging-Beta */; };
		DB37DBF42ADDEA6900269869 /* FirebaseInAppMessagingSwift-Beta in Frameworks */ = {isa = PBXBuildFile; productRef = DB37DBF32ADDEA6900269869 /* FirebaseInAppMessagingSwift-Beta */; };
		DB37DBF62ADDEA6900269869 /* FirebaseInstallations in Frameworks */ = {isa = PBXBuildFile; productRef = DB37DBF52ADDEA6900269869 /* FirebaseInstallations */; };
		DB37DBF82ADDEA6900269869 /* FirebaseMLModelDownloader in Frameworks */ = {isa = PBXBuildFile; productRef = DB37DBF72ADDEA6900269869 /* FirebaseMLModelDownloader */; };
		DB37DBFA2ADDEA6900269869 /* FirebaseMessaging in Frameworks */ = {isa = PBXBuildFile; productRef = DB37DBF92ADDEA6900269869 /* FirebaseMessaging */; };
		DB37DBFC2ADDEA6900269869 /* FirebasePerformance in Frameworks */ = {isa = PBXBuildFile; productRef = DB37DBFB2ADDEA6900269869 /* FirebasePerformance */; };
		DB37DBFE2ADDEA6900269869 /* FirebaseRemoteConfig in Frameworks */ = {isa = PBXBuildFile; productRef = DB37DBFD2ADDEA6900269869 /* FirebaseRemoteConfig */; };
		DB37DC002ADDEA6900269869 /* FirebaseRemoteConfigSwift in Frameworks */ = {isa = PBXBuildFile; productRef = DB37DBFF2ADDEA6900269869 /* FirebaseRemoteConfigSwift */; };
		DB37DC022ADDEA6900269869 /* FirebaseStorage in Frameworks */ = {isa = PBXBuildFile; productRef = DB37DC012ADDEA6900269869 /* FirebaseStorage */; };
		DB37DC042ADDEA6900269869 /* FirebaseStorageCombine-Community in Frameworks */ = {isa = PBXBuildFile; productRef = DB37DC032ADDEA6900269869 /* FirebaseStorageCombine-Community */; };
		DB381C132C1134D7000C6FF0 /* CommonTextField.swift in Sources */ = {isa = PBXBuildFile; fileRef = DB381C122C1134D7000C6FF0 /* CommonTextField.swift */; };
		DB55ECDB2ADDFA4900B4DDF8 /* SignUpEntity.swift in Sources */ = {isa = PBXBuildFile; fileRef = DB55ECDA2ADDFA4900B4DDF8 /* SignUpEntity.swift */; };
		DB55ECE02ADDFA7100B4DDF8 /* SignUpProtocols.swift in Sources */ = {isa = PBXBuildFile; fileRef = DB55ECDF2ADDFA7100B4DDF8 /* SignUpProtocols.swift */; };
		DBB0198C2AD9C3C100AF1CC6 /* CapsuleUIButton.swift in Sources */ = {isa = PBXBuildFile; fileRef = DBB0198B2AD9C3C100AF1CC6 /* CapsuleUIButton.swift */; };
		DBB0198E2AD9C66100AF1CC6 /* CustomUIProgressView.swift in Sources */ = {isa = PBXBuildFile; fileRef = DBB0198D2AD9C66100AF1CC6 /* CustomUIProgressView.swift */; };
		DBB019902AD9CA8700AF1CC6 /* CommonUIButton.swift in Sources */ = {isa = PBXBuildFile; fileRef = DBB0198F2AD9CA8700AF1CC6 /* CommonUIButton.swift */; };
		DBC5FD9C2ADDF2FE00A103A9 /* Fonts+Custom.swift in Sources */ = {isa = PBXBuildFile; fileRef = DBC5FD9B2ADDF2FE00A103A9 /* Fonts+Custom.swift */; };
/* End PBXBuildFile section */

/* Begin PBXContainerItemProxy section */
		DB17093E2ACE215100408A66 /* PBXContainerItemProxy */ = {
			isa = PBXContainerItemProxy;
			containerPortal = DB17091F2ACE214E00408A66 /* Project object */;
			proxyType = 1;
			remoteGlobalIDString = DB1709262ACE214E00408A66;
			remoteInfo = MovieDBFullProject;
		};
		DB1709482ACE215100408A66 /* PBXContainerItemProxy */ = {
			isa = PBXContainerItemProxy;
			containerPortal = DB17091F2ACE214E00408A66 /* Project object */;
			proxyType = 1;
			remoteGlobalIDString = DB1709262ACE214E00408A66;
			remoteInfo = MovieDBFullProject;
		};
/* End PBXContainerItemProxy section */

/* Begin PBXFileReference section */
		DB1709272ACE214E00408A66 /* MovieDBFullProject.app */ = {isa = PBXFileReference; explicitFileType = wrapper.application; includeInIndex = 0; path = MovieDBFullProject.app; sourceTree = BUILT_PRODUCTS_DIR; };
		DB17092A2ACE214E00408A66 /* AppDelegate.swift */ = {isa = PBXFileReference; lastKnownFileType = sourcecode.swift; path = AppDelegate.swift; sourceTree = "<group>"; };
		DB17092C2ACE214E00408A66 /* SceneDelegate.swift */ = {isa = PBXFileReference; lastKnownFileType = sourcecode.swift; path = SceneDelegate.swift; sourceTree = "<group>"; };
		DB1709332ACE215000408A66 /* Assets.xcassets */ = {isa = PBXFileReference; lastKnownFileType = folder.assetcatalog; path = Assets.xcassets; sourceTree = "<group>"; };
		DB1709362ACE215000408A66 /* Base */ = {isa = PBXFileReference; lastKnownFileType = file.storyboard; name = Base; path = Base.lproj/LaunchScreen.storyboard; sourceTree = "<group>"; };
		DB1709382ACE215000408A66 /* Info.plist */ = {isa = PBXFileReference; lastKnownFileType = text.plist.xml; path = Info.plist; sourceTree = "<group>"; };
		DB17093D2ACE215100408A66 /* MovieDBFullProjectTests.xctest */ = {isa = PBXFileReference; explicitFileType = wrapper.cfbundle; includeInIndex = 0; path = MovieDBFullProjectTests.xctest; sourceTree = BUILT_PRODUCTS_DIR; };
		DB1709412ACE215100408A66 /* MovieDBFullProjectTests.swift */ = {isa = PBXFileReference; lastKnownFileType = sourcecode.swift; path = MovieDBFullProjectTests.swift; sourceTree = "<group>"; };
		DB1709472ACE215100408A66 /* MovieDBFullProjectUITests.xctest */ = {isa = PBXFileReference; explicitFileType = wrapper.cfbundle; includeInIndex = 0; path = MovieDBFullProjectUITests.xctest; sourceTree = BUILT_PRODUCTS_DIR; };
		DB17094B2ACE215100408A66 /* MovieDBFullProjectUITests.swift */ = {isa = PBXFileReference; lastKnownFileType = sourcecode.swift; path = MovieDBFullProjectUITests.swift; sourceTree = "<group>"; };
		DB17094D2ACE215100408A66 /* MovieDBFullProjectUITestsLaunchTests.swift */ = {isa = PBXFileReference; lastKnownFileType = sourcecode.swift; path = MovieDBFullProjectUITestsLaunchTests.swift; sourceTree = "<group>"; };
		DB1709632ACE255E00408A66 /* OnboardingViewController.swift */ = {isa = PBXFileReference; lastKnownFileType = sourcecode.swift; path = OnboardingViewController.swift; sourceTree = "<group>"; };
		DB1709652ACE257C00408A66 /* BaseViewController.swift */ = {isa = PBXFileReference; lastKnownFileType = sourcecode.swift; path = BaseViewController.swift; sourceTree = "<group>"; };
		DB1709692ACE259D00408A66 /* OnboardingPresenter.swift */ = {isa = PBXFileReference; lastKnownFileType = sourcecode.swift; path = OnboardingPresenter.swift; sourceTree = "<group>"; };
		DB17096D2ACE25B100408A66 /* OnboardingRouter.swift */ = {isa = PBXFileReference; lastKnownFileType = sourcecode.swift; path = OnboardingRouter.swift; sourceTree = "<group>"; };
		DB1709702ACE25C500408A66 /* OnboardingProtocols.swift */ = {isa = PBXFileReference; lastKnownFileType = sourcecode.swift; path = OnboardingProtocols.swift; sourceTree = "<group>"; };
		DB1709722ACE29BE00408A66 /* Constants.swift */ = {isa = PBXFileReference; lastKnownFileType = sourcecode.swift; path = Constants.swift; sourceTree = "<group>"; };
		DB1709762ACE32A000408A66 /* SFPRODISPLAYSEMIBOLDITALIC.OTF */ = {isa = PBXFileReference; lastKnownFileType = file; path = SFPRODISPLAYSEMIBOLDITALIC.OTF; sourceTree = "<group>"; };
		DB1709772ACE32A000408A66 /* SFPRODISPLAYHEAVYITALIC.OTF */ = {isa = PBXFileReference; lastKnownFileType = file; path = SFPRODISPLAYHEAVYITALIC.OTF; sourceTree = "<group>"; };
		DB1709782ACE32A000408A66 /* SFPRODISPLAYULTRALIGHTITALIC.OTF */ = {isa = PBXFileReference; lastKnownFileType = file; path = SFPRODISPLAYULTRALIGHTITALIC.OTF; sourceTree = "<group>"; };
		DB1709792ACE32A100408A66 /* SFPRODISPLAYTHINITALIC.OTF */ = {isa = PBXFileReference; lastKnownFileType = file; path = SFPRODISPLAYTHINITALIC.OTF; sourceTree = "<group>"; };
		DB17097A2ACE32A100408A66 /* SFPRODISPLAYREGULAR.OTF */ = {isa = PBXFileReference; lastKnownFileType = file; path = SFPRODISPLAYREGULAR.OTF; sourceTree = "<group>"; };
		DB17097B2ACE32A100408A66 /* SFPRODISPLAYLIGHTITALIC.OTF */ = {isa = PBXFileReference; lastKnownFileType = file; path = SFPRODISPLAYLIGHTITALIC.OTF; sourceTree = "<group>"; };
		DB17097C2ACE32A100408A66 /* SFPRODISPLAYBLACKITALIC.OTF */ = {isa = PBXFileReference; lastKnownFileType = file; path = SFPRODISPLAYBLACKITALIC.OTF; sourceTree = "<group>"; };
		DB17097D2ACE32A100408A66 /* SfProDisplayBold.OTF */ = {isa = PBXFileReference; lastKnownFileType = file; path = SfProDisplayBold.OTF; sourceTree = "<group>"; };
		DB17097E2ACE32A100408A66 /* SFPRODISPLAYMEDIUM.OTF */ = {isa = PBXFileReference; lastKnownFileType = file; path = SFPRODISPLAYMEDIUM.OTF; sourceTree = "<group>"; };
		DB17098A2ACE35A500408A66 /* UIFont+NewFonts.swift */ = {isa = PBXFileReference; lastKnownFileType = sourcecode.swift; path = "UIFont+NewFonts.swift"; sourceTree = "<group>"; };
		DB17098D2ACE373000408A66 /* UIColor+HexColor.swift */ = {isa = PBXFileReference; lastKnownFileType = sourcecode.swift; path = "UIColor+HexColor.swift"; sourceTree = "<group>"; };
		DB17098F2ACE375300408A66 /* UIColor+NewColors.swift */ = {isa = PBXFileReference; lastKnownFileType = sourcecode.swift; path = "UIColor+NewColors.swift"; sourceTree = "<group>"; };
		DB1752CA2B90F8460005A535 /* EmailSignUpRouter.swift */ = {isa = PBXFileReference; lastKnownFileType = sourcecode.swift; path = EmailSignUpRouter.swift; sourceTree = "<group>"; };
		DB1BFAA32B92357D002328CA /* PasswordSignUpInteractor.swift */ = {isa = PBXFileReference; lastKnownFileType = sourcecode.swift; path = PasswordSignUpInteractor.swift; sourceTree = "<group>"; };
		DB1BFAA52B923587002328CA /* PasswordSignUpPresenter.swift */ = {isa = PBXFileReference; lastKnownFileType = sourcecode.swift; path = PasswordSignUpPresenter.swift; sourceTree = "<group>"; };
		DB1BFAA72B923590002328CA /* PasswordSignUpRouter.swift */ = {isa = PBXFileReference; lastKnownFileType = sourcecode.swift; path = PasswordSignUpRouter.swift; sourceTree = "<group>"; };
		DB1BFAA92B9235AC002328CA /* PasswordSignUpProtocols.swift */ = {isa = PBXFileReference; lastKnownFileType = sourcecode.swift; path = PasswordSignUpProtocols.swift; sourceTree = "<group>"; };
		DB1CF22B2ADE0CBC00175181 /* SignUpFirebaseService.swift */ = {isa = PBXFileReference; lastKnownFileType = sourcecode.swift; path = SignUpFirebaseService.swift; sourceTree = "<group>"; };
		DB2D00DF2C137998002D05E1 /* GenericUILabel.swift */ = {isa = PBXFileReference; lastKnownFileType = sourcecode.swift; path = GenericUILabel.swift; sourceTree = "<group>"; };
		DB35257D2B8FA60C0031DD2F /* SignInEntity.swift */ = {isa = PBXFileReference; lastKnownFileType = sourcecode.swift; path = SignInEntity.swift; sourceTree = "<group>"; };
		DB3525802B8FB5A10031DD2F /* NameSignUpViewController.swift */ = {isa = PBXFileReference; lastKnownFileType = sourcecode.swift; path = NameSignUpViewController.swift; sourceTree = "<group>"; };
		DB3525822B8FB5B10031DD2F /* EmailSignUpViewController.swift */ = {isa = PBXFileReference; lastKnownFileType = sourcecode.swift; path = EmailSignUpViewController.swift; sourceTree = "<group>"; };
		DB3525842B8FB5C10031DD2F /* PasswordSignUpViewController.swift */ = {isa = PBXFileReference; lastKnownFileType = sourcecode.swift; path = PasswordSignUpViewController.swift; sourceTree = "<group>"; };
		DB3525872B8FB6030031DD2F /* BaseSignUpViewController.swift */ = {isa = PBXFileReference; lastKnownFileType = sourcecode.swift; path = BaseSignUpViewController.swift; sourceTree = "<group>"; };
		DB35258A2B8FD1A40031DD2F /* NameSignUpInteractor.swift */ = {isa = PBXFileReference; lastKnownFileType = sourcecode.swift; path = NameSignUpInteractor.swift; sourceTree = "<group>"; };
		DB35258C2B8FD1B40031DD2F /* NameSignUpPresenter.swift */ = {isa = PBXFileReference; lastKnownFileType = sourcecode.swift; path = NameSignUpPresenter.swift; sourceTree = "<group>"; };
		DB35258E2B8FD1CD0031DD2F /* NameSignUpProtocols.swift */ = {isa = PBXFileReference; lastKnownFileType = sourcecode.swift; path = NameSignUpProtocols.swift; sourceTree = "<group>"; };
		DB3525912B8FDF380031DD2F /* EmailSignUpInteractor.swift */ = {isa = PBXFileReference; lastKnownFileType = sourcecode.swift; path = EmailSignUpInteractor.swift; sourceTree = "<group>"; };
		DB3525932B8FDF460031DD2F /* EmailSignUpPresenter.swift */ = {isa = PBXFileReference; lastKnownFileType = sourcecode.swift; path = EmailSignUpPresenter.swift; sourceTree = "<group>"; };
		DB3525952B8FDF560031DD2F /* EmailSignUpProtocols.swift */ = {isa = PBXFileReference; lastKnownFileType = sourcecode.swift; path = EmailSignUpProtocols.swift; sourceTree = "<group>"; };
		DB3525972B8FDF870031DD2F /* NameSignUpRouter.swift */ = {isa = PBXFileReference; lastKnownFileType = sourcecode.swift; path = NameSignUpRouter.swift; sourceTree = "<group>"; };
		DB37DBCC2ADDE95600269869 /* GoogleService-Info.plist */ = {isa = PBXFileReference; fileEncoding = 4; lastKnownFileType = text.plist.xml; path = "GoogleService-Info.plist"; sourceTree = "<group>"; };
		DB381C122C1134D7000C6FF0 /* CommonTextField.swift */ = {isa = PBXFileReference; lastKnownFileType = sourcecode.swift; path = CommonTextField.swift; sourceTree = "<group>"; };
		DB55ECDA2ADDFA4900B4DDF8 /* SignUpEntity.swift */ = {isa = PBXFileReference; lastKnownFileType = sourcecode.swift; path = SignUpEntity.swift; sourceTree = "<group>"; };
		DB55ECDF2ADDFA7100B4DDF8 /* SignUpProtocols.swift */ = {isa = PBXFileReference; lastKnownFileType = sourcecode.swift; path = SignUpProtocols.swift; sourceTree = "<group>"; };
		DBB0198B2AD9C3C100AF1CC6 /* CapsuleUIButton.swift */ = {isa = PBXFileReference; lastKnownFileType = sourcecode.swift; path = CapsuleUIButton.swift; sourceTree = "<group>"; };
		DBB0198D2AD9C66100AF1CC6 /* CustomUIProgressView.swift */ = {isa = PBXFileReference; lastKnownFileType = sourcecode.swift; path = CustomUIProgressView.swift; sourceTree = "<group>"; };
		DBB0198F2AD9CA8700AF1CC6 /* CommonUIButton.swift */ = {isa = PBXFileReference; lastKnownFileType = sourcecode.swift; path = CommonUIButton.swift; sourceTree = "<group>"; };
		DBC5FD9B2ADDF2FE00A103A9 /* Fonts+Custom.swift */ = {isa = PBXFileReference; lastKnownFileType = sourcecode.swift; path = "Fonts+Custom.swift"; sourceTree = "<group>"; };
/* End PBXFileReference section */

/* Begin PBXFrameworksBuildPhase section */
		DB1709242ACE214E00408A66 /* Frameworks */ = {
			isa = PBXFrameworksBuildPhase;
			buildActionMask = 2147483647;
			files = (
				DB37DBE22ADDEA6900269869 /* FirebaseDatabase in Frameworks */,
				DB37DBF02ADDEA6900269869 /* FirebaseFunctionsCombine-Community in Frameworks */,
				DB37DBE82ADDEA6900269869 /* FirebaseFirestore in Frameworks */,
				DB37DBD42ADDEA6900269869 /* FirebaseAnalyticsSwift in Frameworks */,
				DB37DBD02ADDEA6900269869 /* FirebaseAnalytics in Frameworks */,
				DB37DBD22ADDEA6900269869 /* FirebaseAnalyticsOnDeviceConversion in Frameworks */,
				DB37DBF82ADDEA6900269869 /* FirebaseMLModelDownloader in Frameworks */,
				DB37DBEC2ADDEA6900269869 /* FirebaseFirestoreSwift in Frameworks */,
				DB37DBD82ADDEA6900269869 /* FirebaseAppCheck in Frameworks */,
				DB37DBD62ADDEA6900269869 /* FirebaseAnalyticsWithoutAdIdSupport in Frameworks */,
				DB37DBDC2ADDEA6900269869 /* FirebaseAuth in Frameworks */,
				DB37DBE02ADDEA6900269869 /* FirebaseCrashlytics in Frameworks */,
				DB37DC002ADDEA6900269869 /* FirebaseRemoteConfigSwift in Frameworks */,
				DB37DBF22ADDEA6900269869 /* FirebaseInAppMessaging-Beta in Frameworks */,
				DB37DBE42ADDEA6900269869 /* FirebaseDatabaseSwift in Frameworks */,
				DB37DBEE2ADDEA6900269869 /* FirebaseFunctions in Frameworks */,
				DB37DC042ADDEA6900269869 /* FirebaseStorageCombine-Community in Frameworks */,
				DB37DBFE2ADDEA6900269869 /* FirebaseRemoteConfig in Frameworks */,
				DB37DBDA2ADDEA6900269869 /* FirebaseAppDistribution-Beta in Frameworks */,
				DB37DBDE2ADDEA6900269869 /* FirebaseAuthCombine-Community in Frameworks */,
				DB37DBFC2ADDEA6900269869 /* FirebasePerformance in Frameworks */,
				DB37DBF42ADDEA6900269869 /* FirebaseInAppMessagingSwift-Beta in Frameworks */,
				DB37DC022ADDEA6900269869 /* FirebaseStorage in Frameworks */,
				DB37DBE62ADDEA6900269869 /* FirebaseDynamicLinks in Frameworks */,
				DB37DBEA2ADDEA6900269869 /* FirebaseFirestoreCombine-Community in Frameworks */,
				DB37DBFA2ADDEA6900269869 /* FirebaseMessaging in Frameworks */,
				DB37DBF62ADDEA6900269869 /* FirebaseInstallations in Frameworks */,
			);
			runOnlyForDeploymentPostprocessing = 0;
		};
		DB17093A2ACE215100408A66 /* Frameworks */ = {
			isa = PBXFrameworksBuildPhase;
			buildActionMask = 2147483647;
			files = (
			);
			runOnlyForDeploymentPostprocessing = 0;
		};
		DB1709442ACE215100408A66 /* Frameworks */ = {
			isa = PBXFrameworksBuildPhase;
			buildActionMask = 2147483647;
			files = (
			);
			runOnlyForDeploymentPostprocessing = 0;
		};
/* End PBXFrameworksBuildPhase section */

/* Begin PBXGroup section */
		DB17091E2ACE214E00408A66 = {
			isa = PBXGroup;
			children = (
				DB1709292ACE214E00408A66 /* MovieDBFullProject */,
				DB1709402ACE215100408A66 /* MovieDBFullProjectTests */,
				DB17094A2ACE215100408A66 /* MovieDBFullProjectUITests */,
				DB1709282ACE214E00408A66 /* Products */,
			);
			sourceTree = "<group>";
		};
		DB1709282ACE214E00408A66 /* Products */ = {
			isa = PBXGroup;
			children = (
				DB1709272ACE214E00408A66 /* MovieDBFullProject.app */,
				DB17093D2ACE215100408A66 /* MovieDBFullProjectTests.xctest */,
				DB1709472ACE215100408A66 /* MovieDBFullProjectUITests.xctest */,
			);
			name = Products;
			sourceTree = "<group>";
		};
		DB1709292ACE214E00408A66 /* MovieDBFullProject */ = {
			isa = PBXGroup;
			children = (
				DB1709622ACE251300408A66 /* UIComponents */,
				DB1709602ACE249800408A66 /* Protocols */,
				DB17095F2ACE249200408A66 /* Services */,
				DB17095E2ACE248D00408A66 /* Common */,
				DB17095D2ACE248600408A66 /* Extensions */,
				DB17095C2ACE248000408A66 /* Modules */,
				DB17095A2ACE246500408A66 /* Application */,
				DB17095B2ACE247600408A66 /* Resources */,
				DB1709382ACE215000408A66 /* Info.plist */,
				DB37DBCC2ADDE95600269869 /* GoogleService-Info.plist */,
			);
			path = MovieDBFullProject;
			sourceTree = "<group>";
		};
		DB1709402ACE215100408A66 /* MovieDBFullProjectTests */ = {
			isa = PBXGroup;
			children = (
				DB1709412ACE215100408A66 /* MovieDBFullProjectTests.swift */,
			);
			path = MovieDBFullProjectTests;
			sourceTree = "<group>";
		};
		DB17094A2ACE215100408A66 /* MovieDBFullProjectUITests */ = {
			isa = PBXGroup;
			children = (
				DB17094B2ACE215100408A66 /* MovieDBFullProjectUITests.swift */,
				DB17094D2ACE215100408A66 /* MovieDBFullProjectUITestsLaunchTests.swift */,
			);
			path = MovieDBFullProjectUITests;
			sourceTree = "<group>";
		};
		DB17095A2ACE246500408A66 /* Application */ = {
			isa = PBXGroup;
			children = (
				DB17092A2ACE214E00408A66 /* AppDelegate.swift */,
				DB17092C2ACE214E00408A66 /* SceneDelegate.swift */,
				DB1709352ACE215000408A66 /* LaunchScreen.storyboard */,
			);
			path = Application;
			sourceTree = "<group>";
		};
		DB17095B2ACE247600408A66 /* Resources */ = {
			isa = PBXGroup;
			children = (
				DB17098C2ACE36AF00408A66 /* Colors */,
				DB1709742ACE31A000408A66 /* Fonts */,
				DB1709332ACE215000408A66 /* Assets.xcassets */,
			);
			path = Resources;
			sourceTree = "<group>";
		};
		DB17095C2ACE248000408A66 /* Modules */ = {
			isa = PBXGroup;
			children = (
				DB35257C2B8FA5FA0031DD2F /* SignIn */,
				DBB019882AD9C32D00AF1CC6 /* SignUp */,
				DB1709612ACE24B200408A66 /* Onboarding */,
			);
			path = Modules;
			sourceTree = "<group>";
		};
		DB17095D2ACE248600408A66 /* Extensions */ = {
			isa = PBXGroup;
			children = (
				DB17098A2ACE35A500408A66 /* UIFont+NewFonts.swift */,
				DB17098D2ACE373000408A66 /* UIColor+HexColor.swift */,
			);
			path = Extensions;
			sourceTree = "<group>";
		};
		DB17095E2ACE248D00408A66 /* Common */ = {
			isa = PBXGroup;
			children = (
				DB1709722ACE29BE00408A66 /* Constants.swift */,
			);
			path = Common;
			sourceTree = "<group>";
		};
		DB17095F2ACE249200408A66 /* Services */ = {
			isa = PBXGroup;
			children = (
				DB1CF22A2ADE0C9C00175181 /* LoginFirebaseService */,
			);
			path = Services;
			sourceTree = "<group>";
		};
		DB1709602ACE249800408A66 /* Protocols */ = {
			isa = PBXGroup;
			children = (
				DB55ECDE2ADDFA6500B4DDF8 /* SignUp */,
				DB17096F2ACE25B700408A66 /* Onboarding */,
			);
			path = Protocols;
			sourceTree = "<group>";
		};
		DB1709612ACE24B200408A66 /* Onboarding */ = {
			isa = PBXGroup;
			children = (
				DB1709632ACE255E00408A66 /* OnboardingViewController.swift */,
				DB1709692ACE259D00408A66 /* OnboardingPresenter.swift */,
				DB17096D2ACE25B100408A66 /* OnboardingRouter.swift */,
			);
			path = Onboarding;
			sourceTree = "<group>";
		};
		DB1709622ACE251300408A66 /* UIComponents */ = {
			isa = PBXGroup;
			children = (
				DB2D00DE2C13796E002D05E1 /* UILabels */,
				DB381C112C1133CA000C6FF0 /* UITextFields */,
				DBB0198A2AD9C39500AF1CC6 /* UIViewControllers */,
				DBB019892AD9C38900AF1CC6 /* UIButtons */,
			);
			path = UIComponents;
			sourceTree = "<group>";
		};
		DB17096F2ACE25B700408A66 /* Onboarding */ = {
			isa = PBXGroup;
			children = (
				DB1709702ACE25C500408A66 /* OnboardingProtocols.swift */,
			);
			path = Onboarding;
			sourceTree = "<group>";
		};
		DB1709742ACE31A000408A66 /* Fonts */ = {
			isa = PBXGroup;
			children = (
				DB1709752ACE31A900408A66 /* SFProDisplay */,
				DBC5FD9B2ADDF2FE00A103A9 /* Fonts+Custom.swift */,
			);
			path = Fonts;
			sourceTree = "<group>";
		};
		DB1709752ACE31A900408A66 /* SFProDisplay */ = {
			isa = PBXGroup;
			children = (
				DB17097C2ACE32A100408A66 /* SFPRODISPLAYBLACKITALIC.OTF */,
				DB17097D2ACE32A100408A66 /* SfProDisplayBold.OTF */,
				DB1709772ACE32A000408A66 /* SFPRODISPLAYHEAVYITALIC.OTF */,
				DB17097B2ACE32A100408A66 /* SFPRODISPLAYLIGHTITALIC.OTF */,
				DB17097E2ACE32A100408A66 /* SFPRODISPLAYMEDIUM.OTF */,
				DB17097A2ACE32A100408A66 /* SFPRODISPLAYREGULAR.OTF */,
				DB1709762ACE32A000408A66 /* SFPRODISPLAYSEMIBOLDITALIC.OTF */,
				DB1709792ACE32A100408A66 /* SFPRODISPLAYTHINITALIC.OTF */,
				DB1709782ACE32A000408A66 /* SFPRODISPLAYULTRALIGHTITALIC.OTF */,
			);
			path = SFProDisplay;
			sourceTree = "<group>";
		};
		DB17098C2ACE36AF00408A66 /* Colors */ = {
			isa = PBXGroup;
			children = (
				DB17098F2ACE375300408A66 /* UIColor+NewColors.swift */,
			);
			path = Colors;
			sourceTree = "<group>";
		};
		DB1752C92B90F67F0005A535 /* PasswordStep */ = {
			isa = PBXGroup;
			children = (
				DB3525842B8FB5C10031DD2F /* PasswordSignUpViewController.swift */,
				DB1BFAA32B92357D002328CA /* PasswordSignUpInteractor.swift */,
				DB1BFAA52B923587002328CA /* PasswordSignUpPresenter.swift */,
				DB1BFAA72B923590002328CA /* PasswordSignUpRouter.swift */,
				DB1BFAA92B9235AC002328CA /* PasswordSignUpProtocols.swift */,
			);
			path = PasswordStep;
			sourceTree = "<group>";
		};
		DB1CF22A2ADE0C9C00175181 /* LoginFirebaseService */ = {
			isa = PBXGroup;
			children = (
				DB1CF22B2ADE0CBC00175181 /* SignUpFirebaseService.swift */,
			);
			path = LoginFirebaseService;
			sourceTree = "<group>";
		};
		DB2D00DE2C13796E002D05E1 /* UILabels */ = {
			isa = PBXGroup;
			children = (
				DB2D00DF2C137998002D05E1 /* GenericUILabel.swift */,
			);
			path = UILabels;
			sourceTree = "<group>";
		};
		DB35257C2B8FA5FA0031DD2F /* SignIn */ = {
			isa = PBXGroup;
			children = (
				DB35257D2B8FA60C0031DD2F /* SignInEntity.swift */,
			);
			path = SignIn;
			sourceTree = "<group>";
		};
		DB35257F2B8FB5860031DD2F /* Multi-Step */ = {
			isa = PBXGroup;
			children = (
				DB3525862B8FB5DD0031DD2F /* Views */,
				DB3525892B8FD1840031DD2F /* NameStep */,
				DB3525902B8FDF1E0031DD2F /* EmailStep */,
				DB1752C92B90F67F0005A535 /* PasswordStep */,
			);
			path = "Multi-Step";
			sourceTree = "<group>";
		};
		DB3525862B8FB5DD0031DD2F /* Views */ = {
			isa = PBXGroup;
			children = (
				DB3525872B8FB6030031DD2F /* BaseSignUpViewController.swift */,
			);
			path = Views;
			sourceTree = "<group>";
		};
		DB3525892B8FD1840031DD2F /* NameStep */ = {
			isa = PBXGroup;
			children = (
				DB3525802B8FB5A10031DD2F /* NameSignUpViewController.swift */,
				DB35258A2B8FD1A40031DD2F /* NameSignUpInteractor.swift */,
				DB35258C2B8FD1B40031DD2F /* NameSignUpPresenter.swift */,
				DB3525972B8FDF870031DD2F /* NameSignUpRouter.swift */,
				DB35258E2B8FD1CD0031DD2F /* NameSignUpProtocols.swift */,
			);
			path = NameStep;
			sourceTree = "<group>";
		};
		DB3525902B8FDF1E0031DD2F /* EmailStep */ = {
			isa = PBXGroup;
			children = (
				DB3525822B8FB5B10031DD2F /* EmailSignUpViewController.swift */,
				DB3525912B8FDF380031DD2F /* EmailSignUpInteractor.swift */,
				DB3525932B8FDF460031DD2F /* EmailSignUpPresenter.swift */,
				DB1752CA2B90F8460005A535 /* EmailSignUpRouter.swift */,
				DB3525952B8FDF560031DD2F /* EmailSignUpProtocols.swift */,
			);
			path = EmailStep;
			sourceTree = "<group>";
		};
		DB381C112C1133CA000C6FF0 /* UITextFields */ = {
			isa = PBXGroup;
			children = (
				DB381C122C1134D7000C6FF0 /* CommonTextField.swift */,
			);
			path = UITextFields;
			sourceTree = "<group>";
		};
		DB55ECDE2ADDFA6500B4DDF8 /* SignUp */ = {
			isa = PBXGroup;
			children = (
				DB55ECDF2ADDFA7100B4DDF8 /* SignUpProtocols.swift */,
			);
			path = SignUp;
			sourceTree = "<group>";
		};
		DBB019882AD9C32D00AF1CC6 /* SignUp */ = {
			isa = PBXGroup;
			children = (
				DB35257F2B8FB5860031DD2F /* Multi-Step */,
				DB55ECDA2ADDFA4900B4DDF8 /* SignUpEntity.swift */,
			);
			path = SignUp;
			sourceTree = "<group>";
		};
		DBB019892AD9C38900AF1CC6 /* UIButtons */ = {
			isa = PBXGroup;
			children = (
				DBB0198B2AD9C3C100AF1CC6 /* CapsuleUIButton.swift */,
				DBB0198D2AD9C66100AF1CC6 /* CustomUIProgressView.swift */,
				DBB0198F2AD9CA8700AF1CC6 /* CommonUIButton.swift */,
			);
			path = UIButtons;
			sourceTree = "<group>";
		};
		DBB0198A2AD9C39500AF1CC6 /* UIViewControllers */ = {
			isa = PBXGroup;
			children = (
				DB1709652ACE257C00408A66 /* BaseViewController.swift */,
			);
			path = UIViewControllers;
			sourceTree = "<group>";
		};
/* End PBXGroup section */

/* Begin PBXNativeTarget section */
		DB1709262ACE214E00408A66 /* MovieDBFullProject */ = {
			isa = PBXNativeTarget;
			buildConfigurationList = DB1709512ACE215100408A66 /* Build configuration list for PBXNativeTarget "MovieDBFullProject" */;
			buildPhases = (
				DB1709232ACE214E00408A66 /* Sources */,
				DB1709242ACE214E00408A66 /* Frameworks */,
				DB1709252ACE214E00408A66 /* Resources */,
			);
			buildRules = (
			);
			dependencies = (
			);
			name = MovieDBFullProject;
			packageProductDependencies = (
				DB37DBCF2ADDEA6900269869 /* FirebaseAnalytics */,
				DB37DBD12ADDEA6900269869 /* FirebaseAnalyticsOnDeviceConversion */,
				DB37DBD32ADDEA6900269869 /* FirebaseAnalyticsSwift */,
				DB37DBD52ADDEA6900269869 /* FirebaseAnalyticsWithoutAdIdSupport */,
				DB37DBD72ADDEA6900269869 /* FirebaseAppCheck */,
				DB37DBD92ADDEA6900269869 /* FirebaseAppDistribution-Beta */,
				DB37DBDB2ADDEA6900269869 /* FirebaseAuth */,
				DB37DBDD2ADDEA6900269869 /* FirebaseAuthCombine-Community */,
				DB37DBDF2ADDEA6900269869 /* FirebaseCrashlytics */,
				DB37DBE12ADDEA6900269869 /* FirebaseDatabase */,
				DB37DBE32ADDEA6900269869 /* FirebaseDatabaseSwift */,
				DB37DBE52ADDEA6900269869 /* FirebaseDynamicLinks */,
				DB37DBE72ADDEA6900269869 /* FirebaseFirestore */,
				DB37DBE92ADDEA6900269869 /* FirebaseFirestoreCombine-Community */,
				DB37DBEB2ADDEA6900269869 /* FirebaseFirestoreSwift */,
				DB37DBED2ADDEA6900269869 /* FirebaseFunctions */,
				DB37DBEF2ADDEA6900269869 /* FirebaseFunctionsCombine-Community */,
				DB37DBF12ADDEA6900269869 /* FirebaseInAppMessaging-Beta */,
				DB37DBF32ADDEA6900269869 /* FirebaseInAppMessagingSwift-Beta */,
				DB37DBF52ADDEA6900269869 /* FirebaseInstallations */,
				DB37DBF72ADDEA6900269869 /* FirebaseMLModelDownloader */,
				DB37DBF92ADDEA6900269869 /* FirebaseMessaging */,
				DB37DBFB2ADDEA6900269869 /* FirebasePerformance */,
				DB37DBFD2ADDEA6900269869 /* FirebaseRemoteConfig */,
				DB37DBFF2ADDEA6900269869 /* FirebaseRemoteConfigSwift */,
				DB37DC012ADDEA6900269869 /* FirebaseStorage */,
				DB37DC032ADDEA6900269869 /* FirebaseStorageCombine-Community */,
			);
			productName = MovieDBFullProject;
			productReference = DB1709272ACE214E00408A66 /* MovieDBFullProject.app */;
			productType = "com.apple.product-type.application";
		};
		DB17093C2ACE215100408A66 /* MovieDBFullProjectTests */ = {
			isa = PBXNativeTarget;
			buildConfigurationList = DB1709542ACE215100408A66 /* Build configuration list for PBXNativeTarget "MovieDBFullProjectTests" */;
			buildPhases = (
				DB1709392ACE215100408A66 /* Sources */,
				DB17093A2ACE215100408A66 /* Frameworks */,
				DB17093B2ACE215100408A66 /* Resources */,
			);
			buildRules = (
			);
			dependencies = (
				DB17093F2ACE215100408A66 /* PBXTargetDependency */,
			);
			name = MovieDBFullProjectTests;
			productName = MovieDBFullProjectTests;
			productReference = DB17093D2ACE215100408A66 /* MovieDBFullProjectTests.xctest */;
			productType = "com.apple.product-type.bundle.unit-test";
		};
		DB1709462ACE215100408A66 /* MovieDBFullProjectUITests */ = {
			isa = PBXNativeTarget;
			buildConfigurationList = DB1709572ACE215100408A66 /* Build configuration list for PBXNativeTarget "MovieDBFullProjectUITests" */;
			buildPhases = (
				DB1709432ACE215100408A66 /* Sources */,
				DB1709442ACE215100408A66 /* Frameworks */,
				DB1709452ACE215100408A66 /* Resources */,
			);
			buildRules = (
			);
			dependencies = (
				DB1709492ACE215100408A66 /* PBXTargetDependency */,
			);
			name = MovieDBFullProjectUITests;
			productName = MovieDBFullProjectUITests;
			productReference = DB1709472ACE215100408A66 /* MovieDBFullProjectUITests.xctest */;
			productType = "com.apple.product-type.bundle.ui-testing";
		};
/* End PBXNativeTarget section */

/* Begin PBXProject section */
		DB17091F2ACE214E00408A66 /* Project object */ = {
			isa = PBXProject;
			attributes = {
				BuildIndependentTargetsInParallel = 1;
				LastSwiftUpdateCheck = 1500;
				LastUpgradeCheck = 1500;
				TargetAttributes = {
					DB1709262ACE214E00408A66 = {
						CreatedOnToolsVersion = 15.0;
					};
					DB17093C2ACE215100408A66 = {
						CreatedOnToolsVersion = 15.0;
						TestTargetID = DB1709262ACE214E00408A66;
					};
					DB1709462ACE215100408A66 = {
						CreatedOnToolsVersion = 15.0;
						TestTargetID = DB1709262ACE214E00408A66;
					};
				};
			};
			buildConfigurationList = DB1709222ACE214E00408A66 /* Build configuration list for PBXProject "MovieDBFullProject" */;
			compatibilityVersion = "Xcode 14.0";
			developmentRegion = en;
			hasScannedForEncodings = 0;
			knownRegions = (
				en,
				Base,
			);
			mainGroup = DB17091E2ACE214E00408A66;
			packageReferences = (
				DB37DBCE2ADDEA6900269869 /* XCRemoteSwiftPackageReference "firebase-ios-sdk" */,
			);
			productRefGroup = DB1709282ACE214E00408A66 /* Products */;
			projectDirPath = "";
			projectRoot = "";
			targets = (
				DB1709262ACE214E00408A66 /* MovieDBFullProject */,
				DB17093C2ACE215100408A66 /* MovieDBFullProjectTests */,
				DB1709462ACE215100408A66 /* MovieDBFullProjectUITests */,
			);
		};
/* End PBXProject section */

/* Begin PBXResourcesBuildPhase section */
		DB1709252ACE214E00408A66 /* Resources */ = {
			isa = PBXResourcesBuildPhase;
			buildActionMask = 2147483647;
			files = (
				DB1709872ACE32A100408A66 /* SFPRODISPLAYMEDIUM.OTF in Resources */,
				DB1709842ACE32A100408A66 /* SFPRODISPLAYLIGHTITALIC.OTF in Resources */,
				DB1709852ACE32A100408A66 /* SFPRODISPLAYBLACKITALIC.OTF in Resources */,
				DB1709822ACE32A100408A66 /* SFPRODISPLAYTHINITALIC.OTF in Resources */,
				DB1709372ACE215000408A66 /* LaunchScreen.storyboard in Resources */,
				DB37DBCD2ADDE95600269869 /* GoogleService-Info.plist in Resources */,
				DB1709802ACE32A100408A66 /* SFPRODISPLAYHEAVYITALIC.OTF in Resources */,
				DB1709832ACE32A100408A66 /* SFPRODISPLAYREGULAR.OTF in Resources */,
				DB17097F2ACE32A100408A66 /* SFPRODISPLAYSEMIBOLDITALIC.OTF in Resources */,
				DB1709342ACE215000408A66 /* Assets.xcassets in Resources */,
				DB1709862ACE32A100408A66 /* SfProDisplayBold.OTF in Resources */,
				DB1709812ACE32A100408A66 /* SFPRODISPLAYULTRALIGHTITALIC.OTF in Resources */,
			);
			runOnlyForDeploymentPostprocessing = 0;
		};
		DB17093B2ACE215100408A66 /* Resources */ = {
			isa = PBXResourcesBuildPhase;
			buildActionMask = 2147483647;
			files = (
			);
			runOnlyForDeploymentPostprocessing = 0;
		};
		DB1709452ACE215100408A66 /* Resources */ = {
			isa = PBXResourcesBuildPhase;
			buildActionMask = 2147483647;
			files = (
			);
			runOnlyForDeploymentPostprocessing = 0;
		};
/* End PBXResourcesBuildPhase section */

/* Begin PBXSourcesBuildPhase section */
		DB1709232ACE214E00408A66 /* Sources */ = {
			isa = PBXSourcesBuildPhase;
			buildActionMask = 2147483647;
			files = (
				DB35258F2B8FD1CD0031DD2F /* NameSignUpProtocols.swift in Sources */,
				DB35257E2B8FA60C0031DD2F /* SignInEntity.swift in Sources */,
				DB35258B2B8FD1A40031DD2F /* NameSignUpInteractor.swift in Sources */,
				DB3525852B8FB5C10031DD2F /* PasswordSignUpViewController.swift in Sources */,
				DB1709712ACE25C500408A66 /* OnboardingProtocols.swift in Sources */,
				DB17098E2ACE373000408A66 /* UIColor+HexColor.swift in Sources */,
				DB381C132C1134D7000C6FF0 /* CommonTextField.swift in Sources */,
				DBB0198E2AD9C66100AF1CC6 /* CustomUIProgressView.swift in Sources */,
				DB17092B2ACE214E00408A66 /* AppDelegate.swift in Sources */,
				DB3525882B8FB6030031DD2F /* BaseSignUpViewController.swift in Sources */,
				DB3525942B8FDF460031DD2F /* EmailSignUpPresenter.swift in Sources */,
				DB3525812B8FB5A10031DD2F /* NameSignUpViewController.swift in Sources */,
				DB1BFAA82B923590002328CA /* PasswordSignUpRouter.swift in Sources */,
				DB1709662ACE257C00408A66 /* BaseViewController.swift in Sources */,
				DB55ECE02ADDFA7100B4DDF8 /* SignUpProtocols.swift in Sources */,
				DB3525982B8FDF870031DD2F /* NameSignUpRouter.swift in Sources */,
				DB2D00E02C137998002D05E1 /* GenericUILabel.swift in Sources */,
				DB3525922B8FDF380031DD2F /* EmailSignUpInteractor.swift in Sources */,
				DB1709642ACE255E00408A66 /* OnboardingViewController.swift in Sources */,
				DB1BFAAA2B9235AC002328CA /* PasswordSignUpProtocols.swift in Sources */,
				DBC5FD9C2ADDF2FE00A103A9 /* Fonts+Custom.swift in Sources */,
				DB35258D2B8FD1B40031DD2F /* NameSignUpPresenter.swift in Sources */,
				DB3525962B8FDF560031DD2F /* EmailSignUpProtocols.swift in Sources */,
				DB55ECDB2ADDFA4900B4DDF8 /* SignUpEntity.swift in Sources */,
				DB17096A2ACE259D00408A66 /* OnboardingPresenter.swift in Sources */,
				DB1709732ACE29BE00408A66 /* Constants.swift in Sources */,
				DBB019902AD9CA8700AF1CC6 /* CommonUIButton.swift in Sources */,
				DBB0198C2AD9C3C100AF1CC6 /* CapsuleUIButton.swift in Sources */,
				DB1CF22C2ADE0CBC00175181 /* SignUpFirebaseService.swift in Sources */,
				DB1BFAA62B923587002328CA /* PasswordSignUpPresenter.swift in Sources */,
				DB3525832B8FB5B10031DD2F /* EmailSignUpViewController.swift in Sources */,
				DB17092D2ACE214E00408A66 /* SceneDelegate.swift in Sources */,
				DB1709902ACE375300408A66 /* UIColor+NewColors.swift in Sources */,
				DB17096E2ACE25B100408A66 /* OnboardingRouter.swift in Sources */,
				DB1BFAA42B92357E002328CA /* PasswordSignUpInteractor.swift in Sources */,
				DB1752CB2B90F8460005A535 /* EmailSignUpRouter.swift in Sources */,
				DB17098B2ACE35A500408A66 /* UIFont+NewFonts.swift in Sources */,
			);
			runOnlyForDeploymentPostprocessing = 0;
		};
		DB1709392ACE215100408A66 /* Sources */ = {
			isa = PBXSourcesBuildPhase;
			buildActionMask = 2147483647;
			files = (
				DB1709422ACE215100408A66 /* MovieDBFullProjectTests.swift in Sources */,
			);
			runOnlyForDeploymentPostprocessing = 0;
		};
		DB1709432ACE215100408A66 /* Sources */ = {
			isa = PBXSourcesBuildPhase;
			buildActionMask = 2147483647;
			files = (
				DB17094E2ACE215100408A66 /* MovieDBFullProjectUITestsLaunchTests.swift in Sources */,
				DB17094C2ACE215100408A66 /* MovieDBFullProjectUITests.swift in Sources */,
			);
			runOnlyForDeploymentPostprocessing = 0;
		};
/* End PBXSourcesBuildPhase section */

/* Begin PBXTargetDependency section */
		DB17093F2ACE215100408A66 /* PBXTargetDependency */ = {
			isa = PBXTargetDependency;
			target = DB1709262ACE214E00408A66 /* MovieDBFullProject */;
			targetProxy = DB17093E2ACE215100408A66 /* PBXContainerItemProxy */;
		};
		DB1709492ACE215100408A66 /* PBXTargetDependency */ = {
			isa = PBXTargetDependency;
			target = DB1709262ACE214E00408A66 /* MovieDBFullProject */;
			targetProxy = DB1709482ACE215100408A66 /* PBXContainerItemProxy */;
		};
/* End PBXTargetDependency section */

/* Begin PBXVariantGroup section */
		DB1709352ACE215000408A66 /* LaunchScreen.storyboard */ = {
			isa = PBXVariantGroup;
			children = (
				DB1709362ACE215000408A66 /* Base */,
			);
			name = LaunchScreen.storyboard;
			sourceTree = "<group>";
		};
/* End PBXVariantGroup section */

/* Begin XCBuildConfiguration section */
		DB17094F2ACE215100408A66 /* Debug */ = {
			isa = XCBuildConfiguration;
			buildSettings = {
				ALWAYS_SEARCH_USER_PATHS = NO;
				ASSETCATALOG_COMPILER_GENERATE_SWIFT_ASSET_SYMBOL_EXTENSIONS = YES;
				CLANG_ANALYZER_NONNULL = YES;
				CLANG_ANALYZER_NUMBER_OBJECT_CONVERSION = YES_AGGRESSIVE;
				CLANG_CXX_LANGUAGE_STANDARD = "gnu++20";
				CLANG_ENABLE_MODULES = YES;
				CLANG_ENABLE_OBJC_ARC = YES;
				CLANG_ENABLE_OBJC_WEAK = YES;
				CLANG_WARN_BLOCK_CAPTURE_AUTORELEASING = YES;
				CLANG_WARN_BOOL_CONVERSION = YES;
				CLANG_WARN_COMMA = YES;
				CLANG_WARN_CONSTANT_CONVERSION = YES;
				CLANG_WARN_DEPRECATED_OBJC_IMPLEMENTATIONS = YES;
				CLANG_WARN_DIRECT_OBJC_ISA_USAGE = YES_ERROR;
				CLANG_WARN_DOCUMENTATION_COMMENTS = YES;
				CLANG_WARN_EMPTY_BODY = YES;
				CLANG_WARN_ENUM_CONVERSION = YES;
				CLANG_WARN_INFINITE_RECURSION = YES;
				CLANG_WARN_INT_CONVERSION = YES;
				CLANG_WARN_NON_LITERAL_NULL_CONVERSION = YES;
				CLANG_WARN_OBJC_IMPLICIT_RETAIN_SELF = YES;
				CLANG_WARN_OBJC_LITERAL_CONVERSION = YES;
				CLANG_WARN_OBJC_ROOT_CLASS = YES_ERROR;
				CLANG_WARN_QUOTED_INCLUDE_IN_FRAMEWORK_HEADER = YES;
				CLANG_WARN_RANGE_LOOP_ANALYSIS = YES;
				CLANG_WARN_STRICT_PROTOTYPES = YES;
				CLANG_WARN_SUSPICIOUS_MOVE = YES;
				CLANG_WARN_UNGUARDED_AVAILABILITY = YES_AGGRESSIVE;
				CLANG_WARN_UNREACHABLE_CODE = YES;
				CLANG_WARN__DUPLICATE_METHOD_MATCH = YES;
				COPY_PHASE_STRIP = NO;
				DEBUG_INFORMATION_FORMAT = dwarf;
				ENABLE_STRICT_OBJC_MSGSEND = YES;
				ENABLE_TESTABILITY = YES;
				ENABLE_USER_SCRIPT_SANDBOXING = YES;
				GCC_C_LANGUAGE_STANDARD = gnu17;
				GCC_DYNAMIC_NO_PIC = NO;
				GCC_NO_COMMON_BLOCKS = YES;
				GCC_OPTIMIZATION_LEVEL = 0;
				GCC_PREPROCESSOR_DEFINITIONS = (
					"DEBUG=1",
					"$(inherited)",
				);
				GCC_WARN_64_TO_32_BIT_CONVERSION = YES;
				GCC_WARN_ABOUT_RETURN_TYPE = YES_ERROR;
				GCC_WARN_UNDECLARED_SELECTOR = YES;
				GCC_WARN_UNINITIALIZED_AUTOS = YES_AGGRESSIVE;
				GCC_WARN_UNUSED_FUNCTION = YES;
				GCC_WARN_UNUSED_VARIABLE = YES;
				IPHONEOS_DEPLOYMENT_TARGET = 16.0;
				LOCALIZATION_PREFERS_STRING_CATALOGS = YES;
				MTL_ENABLE_DEBUG_INFO = INCLUDE_SOURCE;
				MTL_FAST_MATH = YES;
				ONLY_ACTIVE_ARCH = YES;
				SDKROOT = iphoneos;
				SWIFT_ACTIVE_COMPILATION_CONDITIONS = "DEBUG $(inherited)";
				SWIFT_OPTIMIZATION_LEVEL = "-Onone";
			};
			name = Debug;
		};
		DB1709502ACE215100408A66 /* Release */ = {
			isa = XCBuildConfiguration;
			buildSettings = {
				ALWAYS_SEARCH_USER_PATHS = NO;
				ASSETCATALOG_COMPILER_GENERATE_SWIFT_ASSET_SYMBOL_EXTENSIONS = YES;
				CLANG_ANALYZER_NONNULL = YES;
				CLANG_ANALYZER_NUMBER_OBJECT_CONVERSION = YES_AGGRESSIVE;
				CLANG_CXX_LANGUAGE_STANDARD = "gnu++20";
				CLANG_ENABLE_MODULES = YES;
				CLANG_ENABLE_OBJC_ARC = YES;
				CLANG_ENABLE_OBJC_WEAK = YES;
				CLANG_WARN_BLOCK_CAPTURE_AUTORELEASING = YES;
				CLANG_WARN_BOOL_CONVERSION = YES;
				CLANG_WARN_COMMA = YES;
				CLANG_WARN_CONSTANT_CONVERSION = YES;
				CLANG_WARN_DEPRECATED_OBJC_IMPLEMENTATIONS = YES;
				CLANG_WARN_DIRECT_OBJC_ISA_USAGE = YES_ERROR;
				CLANG_WARN_DOCUMENTATION_COMMENTS = YES;
				CLANG_WARN_EMPTY_BODY = YES;
				CLANG_WARN_ENUM_CONVERSION = YES;
				CLANG_WARN_INFINITE_RECURSION = YES;
				CLANG_WARN_INT_CONVERSION = YES;
				CLANG_WARN_NON_LITERAL_NULL_CONVERSION = YES;
				CLANG_WARN_OBJC_IMPLICIT_RETAIN_SELF = YES;
				CLANG_WARN_OBJC_LITERAL_CONVERSION = YES;
				CLANG_WARN_OBJC_ROOT_CLASS = YES_ERROR;
				CLANG_WARN_QUOTED_INCLUDE_IN_FRAMEWORK_HEADER = YES;
				CLANG_WARN_RANGE_LOOP_ANALYSIS = YES;
				CLANG_WARN_STRICT_PROTOTYPES = YES;
				CLANG_WARN_SUSPICIOUS_MOVE = YES;
				CLANG_WARN_UNGUARDED_AVAILABILITY = YES_AGGRESSIVE;
				CLANG_WARN_UNREACHABLE_CODE = YES;
				CLANG_WARN__DUPLICATE_METHOD_MATCH = YES;
				COPY_PHASE_STRIP = NO;
				DEBUG_INFORMATION_FORMAT = "dwarf-with-dsym";
				ENABLE_NS_ASSERTIONS = NO;
				ENABLE_STRICT_OBJC_MSGSEND = YES;
				ENABLE_USER_SCRIPT_SANDBOXING = YES;
				GCC_C_LANGUAGE_STANDARD = gnu17;
				GCC_NO_COMMON_BLOCKS = YES;
				GCC_WARN_64_TO_32_BIT_CONVERSION = YES;
				GCC_WARN_ABOUT_RETURN_TYPE = YES_ERROR;
				GCC_WARN_UNDECLARED_SELECTOR = YES;
				GCC_WARN_UNINITIALIZED_AUTOS = YES_AGGRESSIVE;
				GCC_WARN_UNUSED_FUNCTION = YES;
				GCC_WARN_UNUSED_VARIABLE = YES;
				IPHONEOS_DEPLOYMENT_TARGET = 16.0;
				LOCALIZATION_PREFERS_STRING_CATALOGS = YES;
				MTL_ENABLE_DEBUG_INFO = NO;
				MTL_FAST_MATH = YES;
				SDKROOT = iphoneos;
				SWIFT_COMPILATION_MODE = wholemodule;
				VALIDATE_PRODUCT = YES;
			};
			name = Release;
		};
		DB1709522ACE215100408A66 /* Debug */ = {
			isa = XCBuildConfiguration;
			buildSettings = {
				ASSETCATALOG_COMPILER_APPICON_NAME = AppIcon;
				ASSETCATALOG_COMPILER_GLOBAL_ACCENT_COLOR_NAME = AccentColor;
				CODE_SIGN_STYLE = Automatic;
				CURRENT_PROJECT_VERSION = 1;
				DEVELOPMENT_TEAM = UV3M98YDVA;
				GENERATE_INFOPLIST_FILE = YES;
				INFOPLIST_FILE = MovieDBFullProject/Info.plist;
				INFOPLIST_KEY_UIApplicationSupportsIndirectInputEvents = YES;
				INFOPLIST_KEY_UILaunchStoryboardName = LaunchScreen;
				INFOPLIST_KEY_UISupportedInterfaceOrientations = UIInterfaceOrientationPortrait;
				INFOPLIST_KEY_UISupportedInterfaceOrientations_iPad = "UIInterfaceOrientationLandscapeLeft UIInterfaceOrientationLandscapeRight UIInterfaceOrientationPortrait UIInterfaceOrientationPortraitUpsideDown";
				IPHONEOS_DEPLOYMENT_TARGET = 16.0;
				LD_RUNPATH_SEARCH_PATHS = (
					"$(inherited)",
					"@executable_path/Frameworks",
				);
				MARKETING_VERSION = 1.0;
				PRODUCT_BUNDLE_IDENTIFIER = com.bertochgg.chgg.MovieDBFullProject;
				PRODUCT_NAME = "$(TARGET_NAME)";
				SUPPORTED_PLATFORMS = "iphoneos iphonesimulator";
				SUPPORTS_MACCATALYST = NO;
				SUPPORTS_MAC_DESIGNED_FOR_IPHONE_IPAD = NO;
				SWIFT_EMIT_LOC_STRINGS = YES;
				SWIFT_VERSION = 5.0;
				TARGETED_DEVICE_FAMILY = 1;
			};
			name = Debug;
		};
		DB1709532ACE215100408A66 /* Release */ = {
			isa = XCBuildConfiguration;
			buildSettings = {
				ASSETCATALOG_COMPILER_APPICON_NAME = AppIcon;
				ASSETCATALOG_COMPILER_GLOBAL_ACCENT_COLOR_NAME = AccentColor;
				CODE_SIGN_STYLE = Automatic;
				CURRENT_PROJECT_VERSION = 1;
				DEVELOPMENT_TEAM = UV3M98YDVA;
				GENERATE_INFOPLIST_FILE = YES;
				INFOPLIST_FILE = MovieDBFullProject/Info.plist;
				INFOPLIST_KEY_UIApplicationSupportsIndirectInputEvents = YES;
				INFOPLIST_KEY_UILaunchStoryboardName = LaunchScreen;
				INFOPLIST_KEY_UISupportedInterfaceOrientations = UIInterfaceOrientationPortrait;
				INFOPLIST_KEY_UISupportedInterfaceOrientations_iPad = "UIInterfaceOrientationLandscapeLeft UIInterfaceOrientationLandscapeRight UIInterfaceOrientationPortrait UIInterfaceOrientationPortraitUpsideDown";
				IPHONEOS_DEPLOYMENT_TARGET = 16.0;
				LD_RUNPATH_SEARCH_PATHS = (
					"$(inherited)",
					"@executable_path/Frameworks",
				);
				MARKETING_VERSION = 1.0;
				PRODUCT_BUNDLE_IDENTIFIER = com.bertochgg.chgg.MovieDBFullProject;
				PRODUCT_NAME = "$(TARGET_NAME)";
				SUPPORTED_PLATFORMS = "iphoneos iphonesimulator";
				SUPPORTS_MACCATALYST = NO;
				SUPPORTS_MAC_DESIGNED_FOR_IPHONE_IPAD = NO;
				SWIFT_EMIT_LOC_STRINGS = YES;
				SWIFT_VERSION = 5.0;
				TARGETED_DEVICE_FAMILY = 1;
			};
			name = Release;
		};
		DB1709552ACE215100408A66 /* Debug */ = {
			isa = XCBuildConfiguration;
			buildSettings = {
				ALWAYS_EMBED_SWIFT_STANDARD_LIBRARIES = YES;
				BUNDLE_LOADER = "$(TEST_HOST)";
				CODE_SIGN_STYLE = Automatic;
				CURRENT_PROJECT_VERSION = 1;
				DEVELOPMENT_TEAM = UV3M98YDVA;
				GENERATE_INFOPLIST_FILE = YES;
				IPHONEOS_DEPLOYMENT_TARGET = 17.0;
				MARKETING_VERSION = 1.0;
				PRODUCT_BUNDLE_IDENTIFIER = com.bertochgg.chgg.MovieDBFullProjectTests;
				PRODUCT_NAME = "$(TARGET_NAME)";
				SWIFT_EMIT_LOC_STRINGS = NO;
				SWIFT_VERSION = 5.0;
				TARGETED_DEVICE_FAMILY = "1,2";
				TEST_HOST = "$(BUILT_PRODUCTS_DIR)/MovieDBFullProject.app/$(BUNDLE_EXECUTABLE_FOLDER_PATH)/MovieDBFullProject";
			};
			name = Debug;
		};
		DB1709562ACE215100408A66 /* Release */ = {
			isa = XCBuildConfiguration;
			buildSettings = {
				ALWAYS_EMBED_SWIFT_STANDARD_LIBRARIES = YES;
				BUNDLE_LOADER = "$(TEST_HOST)";
				CODE_SIGN_STYLE = Automatic;
				CURRENT_PROJECT_VERSION = 1;
				DEVELOPMENT_TEAM = UV3M98YDVA;
				GENERATE_INFOPLIST_FILE = YES;
				IPHONEOS_DEPLOYMENT_TARGET = 17.0;
				MARKETING_VERSION = 1.0;
				PRODUCT_BUNDLE_IDENTIFIER = com.bertochgg.chgg.MovieDBFullProjectTests;
				PRODUCT_NAME = "$(TARGET_NAME)";
				SWIFT_EMIT_LOC_STRINGS = NO;
				SWIFT_VERSION = 5.0;
				TARGETED_DEVICE_FAMILY = "1,2";
				TEST_HOST = "$(BUILT_PRODUCTS_DIR)/MovieDBFullProject.app/$(BUNDLE_EXECUTABLE_FOLDER_PATH)/MovieDBFullProject";
			};
			name = Release;
		};
		DB1709582ACE215100408A66 /* Debug */ = {
			isa = XCBuildConfiguration;
			buildSettings = {
				ALWAYS_EMBED_SWIFT_STANDARD_LIBRARIES = YES;
				CODE_SIGN_STYLE = Automatic;
				CURRENT_PROJECT_VERSION = 1;
				DEVELOPMENT_TEAM = UV3M98YDVA;
				GENERATE_INFOPLIST_FILE = YES;
				MARKETING_VERSION = 1.0;
				PRODUCT_BUNDLE_IDENTIFIER = com.bertochgg.chgg.MovieDBFullProjectUITests;
				PRODUCT_NAME = "$(TARGET_NAME)";
				SWIFT_EMIT_LOC_STRINGS = NO;
				SWIFT_VERSION = 5.0;
				TARGETED_DEVICE_FAMILY = "1,2";
				TEST_TARGET_NAME = MovieDBFullProject;
			};
			name = Debug;
		};
		DB1709592ACE215100408A66 /* Release */ = {
			isa = XCBuildConfiguration;
			buildSettings = {
				ALWAYS_EMBED_SWIFT_STANDARD_LIBRARIES = YES;
				CODE_SIGN_STYLE = Automatic;
				CURRENT_PROJECT_VERSION = 1;
				DEVELOPMENT_TEAM = UV3M98YDVA;
				GENERATE_INFOPLIST_FILE = YES;
				MARKETING_VERSION = 1.0;
				PRODUCT_BUNDLE_IDENTIFIER = com.bertochgg.chgg.MovieDBFullProjectUITests;
				PRODUCT_NAME = "$(TARGET_NAME)";
				SWIFT_EMIT_LOC_STRINGS = NO;
				SWIFT_VERSION = 5.0;
				TARGETED_DEVICE_FAMILY = "1,2";
				TEST_TARGET_NAME = MovieDBFullProject;
			};
			name = Release;
		};
/* End XCBuildConfiguration section */

/* Begin XCConfigurationList section */
		DB1709222ACE214E00408A66 /* Build configuration list for PBXProject "MovieDBFullProject" */ = {
			isa = XCConfigurationList;
			buildConfigurations = (
				DB17094F2ACE215100408A66 /* Debug */,
				DB1709502ACE215100408A66 /* Release */,
			);
			defaultConfigurationIsVisible = 0;
			defaultConfigurationName = Release;
		};
		DB1709512ACE215100408A66 /* Build configuration list for PBXNativeTarget "MovieDBFullProject" */ = {
			isa = XCConfigurationList;
			buildConfigurations = (
				DB1709522ACE215100408A66 /* Debug */,
				DB1709532ACE215100408A66 /* Release */,
			);
			defaultConfigurationIsVisible = 0;
			defaultConfigurationName = Release;
		};
		DB1709542ACE215100408A66 /* Build configuration list for PBXNativeTarget "MovieDBFullProjectTests" */ = {
			isa = XCConfigurationList;
			buildConfigurations = (
				DB1709552ACE215100408A66 /* Debug */,
				DB1709562ACE215100408A66 /* Release */,
			);
			defaultConfigurationIsVisible = 0;
			defaultConfigurationName = Release;
		};
		DB1709572ACE215100408A66 /* Build configuration list for PBXNativeTarget "MovieDBFullProjectUITests" */ = {
			isa = XCConfigurationList;
			buildConfigurations = (
				DB1709582ACE215100408A66 /* Debug */,
				DB1709592ACE215100408A66 /* Release */,
			);
			defaultConfigurationIsVisible = 0;
			defaultConfigurationName = Release;
		};
/* End XCConfigurationList section */

/* Begin XCRemoteSwiftPackageReference section */
		DB37DBCE2ADDEA6900269869 /* XCRemoteSwiftPackageReference "firebase-ios-sdk" */ = {
			isa = XCRemoteSwiftPackageReference;
			repositoryURL = "https://github.com/firebase/firebase-ios-sdk";
			requirement = {
				kind = upToNextMajorVersion;
				minimumVersion = 10.16.0;
			};
		};
/* End XCRemoteSwiftPackageReference section */

/* Begin XCSwiftPackageProductDependency section */
		DB37DBCF2ADDEA6900269869 /* FirebaseAnalytics */ = {
			isa = XCSwiftPackageProductDependency;
			package = DB37DBCE2ADDEA6900269869 /* XCRemoteSwiftPackageReference "firebase-ios-sdk" */;
			productName = FirebaseAnalytics;
		};
		DB37DBD12ADDEA6900269869 /* FirebaseAnalyticsOnDeviceConversion */ = {
			isa = XCSwiftPackageProductDependency;
			package = DB37DBCE2ADDEA6900269869 /* XCRemoteSwiftPackageReference "firebase-ios-sdk" */;
			productName = FirebaseAnalyticsOnDeviceConversion;
		};
		DB37DBD32ADDEA6900269869 /* FirebaseAnalyticsSwift */ = {
			isa = XCSwiftPackageProductDependency;
			package = DB37DBCE2ADDEA6900269869 /* XCRemoteSwiftPackageReference "firebase-ios-sdk" */;
			productName = FirebaseAnalyticsSwift;
		};
		DB37DBD52ADDEA6900269869 /* FirebaseAnalyticsWithoutAdIdSupport */ = {
			isa = XCSwiftPackageProductDependency;
			package = DB37DBCE2ADDEA6900269869 /* XCRemoteSwiftPackageReference "firebase-ios-sdk" */;
			productName = FirebaseAnalyticsWithoutAdIdSupport;
		};
		DB37DBD72ADDEA6900269869 /* FirebaseAppCheck */ = {
			isa = XCSwiftPackageProductDependency;
			package = DB37DBCE2ADDEA6900269869 /* XCRemoteSwiftPackageReference "firebase-ios-sdk" */;
			productName = FirebaseAppCheck;
		};
		DB37DBD92ADDEA6900269869 /* FirebaseAppDistribution-Beta */ = {
			isa = XCSwiftPackageProductDependency;
			package = DB37DBCE2ADDEA6900269869 /* XCRemoteSwiftPackageReference "firebase-ios-sdk" */;
			productName = "FirebaseAppDistribution-Beta";
		};
		DB37DBDB2ADDEA6900269869 /* FirebaseAuth */ = {
			isa = XCSwiftPackageProductDependency;
			package = DB37DBCE2ADDEA6900269869 /* XCRemoteSwiftPackageReference "firebase-ios-sdk" */;
			productName = FirebaseAuth;
		};
		DB37DBDD2ADDEA6900269869 /* FirebaseAuthCombine-Community */ = {
			isa = XCSwiftPackageProductDependency;
			package = DB37DBCE2ADDEA6900269869 /* XCRemoteSwiftPackageReference "firebase-ios-sdk" */;
			productName = "FirebaseAuthCombine-Community";
		};
		DB37DBDF2ADDEA6900269869 /* FirebaseCrashlytics */ = {
			isa = XCSwiftPackageProductDependency;
			package = DB37DBCE2ADDEA6900269869 /* XCRemoteSwiftPackageReference "firebase-ios-sdk" */;
			productName = FirebaseCrashlytics;
		};
		DB37DBE12ADDEA6900269869 /* FirebaseDatabase */ = {
			isa = XCSwiftPackageProductDependency;
			package = DB37DBCE2ADDEA6900269869 /* XCRemoteSwiftPackageReference "firebase-ios-sdk" */;
			productName = FirebaseDatabase;
		};
		DB37DBE32ADDEA6900269869 /* FirebaseDatabaseSwift */ = {
			isa = XCSwiftPackageProductDependency;
			package = DB37DBCE2ADDEA6900269869 /* XCRemoteSwiftPackageReference "firebase-ios-sdk" */;
			productName = FirebaseDatabaseSwift;
		};
		DB37DBE52ADDEA6900269869 /* FirebaseDynamicLinks */ = {
			isa = XCSwiftPackageProductDependency;
			package = DB37DBCE2ADDEA6900269869 /* XCRemoteSwiftPackageReference "firebase-ios-sdk" */;
			productName = FirebaseDynamicLinks;
		};
		DB37DBE72ADDEA6900269869 /* FirebaseFirestore */ = {
			isa = XCSwiftPackageProductDependency;
			package = DB37DBCE2ADDEA6900269869 /* XCRemoteSwiftPackageReference "firebase-ios-sdk" */;
			productName = FirebaseFirestore;
		};
		DB37DBE92ADDEA6900269869 /* FirebaseFirestoreCombine-Community */ = {
			isa = XCSwiftPackageProductDependency;
			package = DB37DBCE2ADDEA6900269869 /* XCRemoteSwiftPackageReference "firebase-ios-sdk" */;
			productName = "FirebaseFirestoreCombine-Community";
		};
		DB37DBEB2ADDEA6900269869 /* FirebaseFirestoreSwift */ = {
			isa = XCSwiftPackageProductDependency;
			package = DB37DBCE2ADDEA6900269869 /* XCRemoteSwiftPackageReference "firebase-ios-sdk" */;
			productName = FirebaseFirestoreSwift;
		};
		DB37DBED2ADDEA6900269869 /* FirebaseFunctions */ = {
			isa = XCSwiftPackageProductDependency;
			package = DB37DBCE2ADDEA6900269869 /* XCRemoteSwiftPackageReference "firebase-ios-sdk" */;
			productName = FirebaseFunctions;
		};
		DB37DBEF2ADDEA6900269869 /* FirebaseFunctionsCombine-Community */ = {
			isa = XCSwiftPackageProductDependency;
			package = DB37DBCE2ADDEA6900269869 /* XCRemoteSwiftPackageReference "firebase-ios-sdk" */;
			productName = "FirebaseFunctionsCombine-Community";
		};
		DB37DBF12ADDEA6900269869 /* FirebaseInAppMessaging-Beta */ = {
			isa = XCSwiftPackageProductDependency;
			package = DB37DBCE2ADDEA6900269869 /* XCRemoteSwiftPackageReference "firebase-ios-sdk" */;
			productName = "FirebaseInAppMessaging-Beta";
		};
		DB37DBF32ADDEA6900269869 /* FirebaseInAppMessagingSwift-Beta */ = {
			isa = XCSwiftPackageProductDependency;
			package = DB37DBCE2ADDEA6900269869 /* XCRemoteSwiftPackageReference "firebase-ios-sdk" */;
			productName = "FirebaseInAppMessagingSwift-Beta";
		};
		DB37DBF52ADDEA6900269869 /* FirebaseInstallations */ = {
			isa = XCSwiftPackageProductDependency;
			package = DB37DBCE2ADDEA6900269869 /* XCRemoteSwiftPackageReference "firebase-ios-sdk" */;
			productName = FirebaseInstallations;
		};
		DB37DBF72ADDEA6900269869 /* FirebaseMLModelDownloader */ = {
			isa = XCSwiftPackageProductDependency;
			package = DB37DBCE2ADDEA6900269869 /* XCRemoteSwiftPackageReference "firebase-ios-sdk" */;
			productName = FirebaseMLModelDownloader;
		};
		DB37DBF92ADDEA6900269869 /* FirebaseMessaging */ = {
			isa = XCSwiftPackageProductDependency;
			package = DB37DBCE2ADDEA6900269869 /* XCRemoteSwiftPackageReference "firebase-ios-sdk" */;
			productName = FirebaseMessaging;
		};
		DB37DBFB2ADDEA6900269869 /* FirebasePerformance */ = {
			isa = XCSwiftPackageProductDependency;
			package = DB37DBCE2ADDEA6900269869 /* XCRemoteSwiftPackageReference "firebase-ios-sdk" */;
			productName = FirebasePerformance;
		};
		DB37DBFD2ADDEA6900269869 /* FirebaseRemoteConfig */ = {
			isa = XCSwiftPackageProductDependency;
			package = DB37DBCE2ADDEA6900269869 /* XCRemoteSwiftPackageReference "firebase-ios-sdk" */;
			productName = FirebaseRemoteConfig;
		};
		DB37DBFF2ADDEA6900269869 /* FirebaseRemoteConfigSwift */ = {
			isa = XCSwiftPackageProductDependency;
			package = DB37DBCE2ADDEA6900269869 /* XCRemoteSwiftPackageReference "firebase-ios-sdk" */;
			productName = FirebaseRemoteConfigSwift;
		};
		DB37DC012ADDEA6900269869 /* FirebaseStorage */ = {
			isa = XCSwiftPackageProductDependency;
			package = DB37DBCE2ADDEA6900269869 /* XCRemoteSwiftPackageReference "firebase-ios-sdk" */;
			productName = FirebaseStorage;
		};
		DB37DC032ADDEA6900269869 /* FirebaseStorageCombine-Community */ = {
			isa = XCSwiftPackageProductDependency;
			package = DB37DBCE2ADDEA6900269869 /* XCRemoteSwiftPackageReference "firebase-ios-sdk" */;
			productName = "FirebaseStorageCombine-Community";
		};
/* End XCSwiftPackageProductDependency section */
	};
	rootObject = DB17091F2ACE214E00408A66 /* Project object */;
}
